
Microsoft Visual Studio Solution File, Format Version 12.00
# Visual Studio Version 16
VisualStudioVersion = 16.0.29102.190
MinimumVisualStudioVersion = 10.0.40219.1
Project("{8BC9CEB8-8B4A-11D0-8D11-00A0C91BC942}") = "Xfit", "Xfit\Xfit.vcxproj", "{D78D0ED2-ABAD-4EA1-83E2-C77569C24198}"
EndProject
Project("{8BC9CEB8-8B4A-11D0-8D11-00A0C91BC942}") = "Freetype", "Freetype\Freetype.vcxproj", "{6543D3B8-AFE6-4C6D-99FA-692AD0136788}"
EndProject
Project("{8BC9CEB8-8B4A-11D0-8D11-00A0C91BC942}") = "Libjpeg", "Libjpeg\Libjpeg.vcxproj", "{D20CE35B-ACAE-4452-8085-DCEE0D8B0654}"
EndProject
Project("{8BC9CEB8-8B4A-11D0-8D11-00A0C91BC942}") = "Libogg", "Libogg\Libogg.vcxproj", "{EF315DAD-A37F-494C-9DE9-C3370A75D2D0}"
EndProject
Project("{8BC9CEB8-8B4A-11D0-8D11-00A0C91BC942}") = "Libpng", "Libpng\Libpng.vcxproj", "{E3FE1B41-2E14-4553-BC3A-341723C529D5}"
EndProject
Project("{8BC9CEB8-8B4A-11D0-8D11-00A0C91BC942}") = "Zlib", "Zlib\Zlib.vcxproj", "{21124C64-33D0-45B4-A10A-C7D481D44F0A}"
EndProject
Project("{8BC9CEB8-8B4A-11D0-8D11-00A0C91BC942}") = "XfitUWP", "XfitUWP\XfitUWP.vcxproj", "{361AED45-4468-4C41-B74F-3E9C96EBC336}"
EndProject
Project("{8BC9CEB8-8B4A-11D0-8D11-00A0C91BC942}") = "Test", "Test\Test.vcxproj", "{5C145FC4-C496-4BE9-9284-F7A307839B34}"
EndProject
Project("{8BC9CEB8-8B4A-11D0-8D11-00A0C91BC942}") = "MakeWebP", "MakeWebP\MakeWebP.vcxproj", "{01252C58-8BB8-486C-ADB9-8E1D26CF7906}"
EndProject
Global
	GlobalSection(SolutionConfigurationPlatforms) = preSolution
		Debug|ARM = Debug|ARM
		Debug|ARM64 = Debug|ARM64
		Debug|x64 = Debug|x64
		Release|ARM = Release|ARM
		Release|ARM64 = Release|ARM64
		Release|x64 = Release|x64
	EndGlobalSection
	GlobalSection(ProjectConfigurationPlatforms) = postSolution
		{D78D0ED2-ABAD-4EA1-83E2-C77569C24198}.Debug|ARM.ActiveCfg = Debug|x64
		{D78D0ED2-ABAD-4EA1-83E2-C77569C24198}.Debug|ARM64.ActiveCfg = Debug|x64
		{D78D0ED2-ABAD-4EA1-83E2-C77569C24198}.Debug|x64.ActiveCfg = Debug|x64
		{D78D0ED2-ABAD-4EA1-83E2-C77569C24198}.Debug|x64.Build.0 = Debug|x64
		{D78D0ED2-ABAD-4EA1-83E2-C77569C24198}.Release|ARM.ActiveCfg = Release|x64
		{D78D0ED2-ABAD-4EA1-83E2-C77569C24198}.Release|ARM64.ActiveCfg = Release|x64
		{D78D0ED2-ABAD-4EA1-83E2-C77569C24198}.Release|x64.ActiveCfg = Release|x64
		{D78D0ED2-ABAD-4EA1-83E2-C77569C24198}.Release|x64.Build.0 = Release|x64
		{6543D3B8-AFE6-4C6D-99FA-692AD0136788}.Debug|ARM.ActiveCfg = Debug|x64
		{6543D3B8-AFE6-4C6D-99FA-692AD0136788}.Debug|ARM64.ActiveCfg = Debug|x64
		{6543D3B8-AFE6-4C6D-99FA-692AD0136788}.Debug|x64.ActiveCfg = Debug|x64
		{6543D3B8-AFE6-4C6D-99FA-692AD0136788}.Debug|x64.Build.0 = Debug|x64
		{6543D3B8-AFE6-4C6D-99FA-692AD0136788}.Release|ARM.ActiveCfg = Release|x64
		{6543D3B8-AFE6-4C6D-99FA-692AD0136788}.Release|ARM64.ActiveCfg = Release|x64
		{6543D3B8-AFE6-4C6D-99FA-692AD0136788}.Release|x64.ActiveCfg = Release|x64
		{6543D3B8-AFE6-4C6D-99FA-692AD0136788}.Release|x64.Build.0 = Release|x64
		{D20CE35B-ACAE-4452-8085-DCEE0D8B0654}.Debug|ARM.ActiveCfg = Debug|x64
		{D20CE35B-ACAE-4452-8085-DCEE0D8B0654}.Debug|ARM64.ActiveCfg = Debug|x64
		{D20CE35B-ACAE-4452-8085-DCEE0D8B0654}.Debug|x64.ActiveCfg = Debug|x64
		{D20CE35B-ACAE-4452-8085-DCEE0D8B0654}.Debug|x64.Build.0 = Debug|x64
		{D20CE35B-ACAE-4452-8085-DCEE0D8B0654}.Release|ARM.ActiveCfg = Release|x64
		{D20CE35B-ACAE-4452-8085-DCEE0D8B0654}.Release|ARM64.ActiveCfg = Release|x64
		{D20CE35B-ACAE-4452-8085-DCEE0D8B0654}.Release|x64.ActiveCfg = Release|x64
		{D20CE35B-ACAE-4452-8085-DCEE0D8B0654}.Release|x64.Build.0 = Release|x64
		{EF315DAD-A37F-494C-9DE9-C3370A75D2D0}.Debug|ARM.ActiveCfg = Debug|x64
		{EF315DAD-A37F-494C-9DE9-C3370A75D2D0}.Debug|ARM64.ActiveCfg = Debug|x64
		{EF315DAD-A37F-494C-9DE9-C3370A75D2D0}.Debug|x64.ActiveCfg = Debug|x64
		{EF315DAD-A37F-494C-9DE9-C3370A75D2D0}.Debug|x64.Build.0 = Debug|x64
		{EF315DAD-A37F-494C-9DE9-C3370A75D2D0}.Release|ARM.ActiveCfg = Release|x64
		{EF315DAD-A37F-494C-9DE9-C3370A75D2D0}.Release|ARM64.ActiveCfg = Release|x64
		{EF315DAD-A37F-494C-9DE9-C3370A75D2D0}.Release|x64.ActiveCfg = Release|x64
		{EF315DAD-A37F-494C-9DE9-C3370A75D2D0}.Release|x64.Build.0 = Release|x64
		{E3FE1B41-2E14-4553-BC3A-341723C529D5}.Debug|ARM.ActiveCfg = Debug|x64
		{E3FE1B41-2E14-4553-BC3A-341723C529D5}.Debug|ARM64.ActiveCfg = Debug|x64
		{E3FE1B41-2E14-4553-BC3A-341723C529D5}.Debug|x64.ActiveCfg = Debug|x64
		{E3FE1B41-2E14-4553-BC3A-341723C529D5}.Debug|x64.Build.0 = Debug|x64
		{E3FE1B41-2E14-4553-BC3A-341723C529D5}.Release|ARM.ActiveCfg = Release|x64
		{E3FE1B41-2E14-4553-BC3A-341723C529D5}.Release|ARM64.ActiveCfg = Release|x64
		{E3FE1B41-2E14-4553-BC3A-341723C529D5}.Release|x64.ActiveCfg = Release|x64
		{E3FE1B41-2E14-4553-BC3A-341723C529D5}.Release|x64.Build.0 = Release|x64
		{21124C64-33D0-45B4-A10A-C7D481D44F0A}.Debug|ARM.ActiveCfg = Debug|x64
		{21124C64-33D0-45B4-A10A-C7D481D44F0A}.Debug|ARM64.ActiveCfg = Debug|x64
		{21124C64-33D0-45B4-A10A-C7D481D44F0A}.Debug|x64.ActiveCfg = Debug|x64
		{21124C64-33D0-45B4-A10A-C7D481D44F0A}.Debug|x64.Build.0 = Debug|x64
		{21124C64-33D0-45B4-A10A-C7D481D44F0A}.Release|ARM.ActiveCfg = Release|x64
		{21124C64-33D0-45B4-A10A-C7D481D44F0A}.Release|ARM64.ActiveCfg = Release|x64
		{21124C64-33D0-45B4-A10A-C7D481D44F0A}.Release|x64.ActiveCfg = Release|x64
		{21124C64-33D0-45B4-A10A-C7D481D44F0A}.Release|x64.Build.0 = Release|x64
		{361AED45-4468-4C41-B74F-3E9C96EBC336}.Debug|ARM.ActiveCfg = Debug|x64
		{361AED45-4468-4C41-B74F-3E9C96EBC336}.Debug|ARM64.ActiveCfg = Debug|x64
		{361AED45-4468-4C41-B74F-3E9C96EBC336}.Debug|x64.ActiveCfg = Debug|x64
		{361AED45-4468-4C41-B74F-3E9C96EBC336}.Debug|x64.Build.0 = Debug|x64
		{361AED45-4468-4C41-B74F-3E9C96EBC336}.Release|ARM.ActiveCfg = Release|x64
		{361AED45-4468-4C41-B74F-3E9C96EBC336}.Release|ARM64.ActiveCfg = Release|x64
		{361AED45-4468-4C41-B74F-3E9C96EBC336}.Release|x64.ActiveCfg = Release|x64
		{361AED45-4468-4C41-B74F-3E9C96EBC336}.Release|x64.Build.0 = Release|x64
		{5C145FC4-C496-4BE9-9284-F7A307839B34}.Debug|ARM.ActiveCfg = Debug|x64
		{5C145FC4-C496-4BE9-9284-F7A307839B34}.Debug|ARM64.ActiveCfg = Debug|x64
		{5C145FC4-C496-4BE9-9284-F7A307839B34}.Debug|x64.ActiveCfg = Debug|x64
		{5C145FC4-C496-4BE9-9284-F7A307839B34}.Debug|x64.Build.0 = Debug|x64
		{5C145FC4-C496-4BE9-9284-F7A307839B34}.Release|ARM.ActiveCfg = Release|x64
		{5C145FC4-C496-4BE9-9284-F7A307839B34}.Release|ARM64.ActiveCfg = Release|x64
		{5C145FC4-C496-4BE9-9284-F7A307839B34}.Release|x64.ActiveCfg = Release|x64
		{5C145FC4-C496-4BE9-9284-F7A307839B34}.Release|x64.Build.0 = Release|x64
		{01252C58-8BB8-486C-ADB9-8E1D26CF7906}.Debug|ARM.ActiveCfg = Debug|ARM
		{01252C58-8BB8-486C-ADB9-8E1D26CF7906}.Debug|ARM.Build.0 = Debug|ARM
		{01252C58-8BB8-486C-ADB9-8E1D26CF7906}.Debug|ARM64.ActiveCfg = Debug|ARM64
		{01252C58-8BB8-486C-ADB9-8E1D26CF7906}.Debug|ARM64.Build.0 = Debug|ARM64
		{01252C58-8BB8-486C-ADB9-8E1D26CF7906}.Debug|x64.ActiveCfg = Debug|x64
		{01252C58-8BB8-486C-ADB9-8E1D26CF7906}.Debug|x64.Build.0 = Debug|x64
		{01252C58-8BB8-486C-ADB9-8E1D26CF7906}.Release|ARM.ActiveCfg = Release|ARM
		{01252C58-8BB8-486C-ADB9-8E1D26CF7906}.Release|ARM.Build.0 = Release|ARM
		{01252C58-8BB8-486C-ADB9-8E1D26CF7906}.Release|ARM64.ActiveCfg = Release|ARM64
		{01252C58-8BB8-486C-ADB9-8E1D26CF7906}.Release|ARM64.Build.0 = Release|ARM64
		{01252C58-8BB8-486C-ADB9-8E1D26CF7906}.Release|x64.ActiveCfg = Release|x64
		{01252C58-8BB8-486C-ADB9-8E1D26CF7906}.Release|x64.Build.0 = Release|x64
	EndGlobalSection
	GlobalSection(SolutionProperties) = preSolution
		HideSolutionNode = FALSE
	EndGlobalSection
	GlobalSection(ExtensibilityGlobals) = postSolution
		SolutionGuid = {053DF4BD-FC2A-42C9-8CF3-7F6A5D52D82E}
	EndGlobalSection
EndGlobal
