
Microsoft Visual Studio Solution File, Format Version 12.00
# Visual Studio Version 16
VisualStudioVersion = 16.0.29102.190
MinimumVisualStudioVersion = 10.0.40219.1
Project("{8BC9CEB8-8B4A-11D0-8D11-00A0C91BC942}") = "Xfit", "Xfit\Xfit.vcxproj", "{D78D0ED2-ABAD-4EA1-83E2-C77569C24198}"
EndProject
Project("{8BC9CEB8-8B4A-11D0-8D11-00A0C91BC942}") = "Freetype", "Freetype\Freetype.vcxproj", "{6543D3B8-AFE6-4C6D-99FA-692AD0136788}"
EndProject
Project("{8BC9CEB8-8B4A-11D0-8D11-00A0C91BC942}") = "Libjpeg", "Libjpeg\Libjpeg.vcxproj", "{D20CE35B-ACAE-4452-8085-DCEE0D8B0654}"
EndProject
Project("{8BC9CEB8-8B4A-11D0-8D11-00A0C91BC942}") = "Libogg", "Libogg\Libogg.vcxproj", "{EF315DAD-A37F-494C-9DE9-C3370A75D2D0}"
EndProject
Project("{8BC9CEB8-8B4A-11D0-8D11-00A0C91BC942}") = "Libpng", "Libpng\Libpng.vcxproj", "{E3FE1B41-2E14-4553-BC3A-341723C529D5}"
EndProject
Project("{8BC9CEB8-8B4A-11D0-8D11-00A0C91BC942}") = "Test", "Test\Test.vcxproj", "{5C145FC4-C496-4BE9-9284-F7A307839B34}"
EndProject
Project("{8BC9CEB8-8B4A-11D0-8D11-00A0C91BC942}") = "Zlib", "Zlib\Zlib.vcxproj", "{21124C64-33D0-45B4-A10A-C7D481D44F0A}"
EndProject
Project("{8BC9CEB8-8B4A-11D0-8D11-00A0C91BC942}") = "XfitUWP", "XfitUWP\XfitUWP.vcxproj", "{361AED45-4468-4C41-B74F-3E9C96EBC336}"
EndProject
Project("{8BC9CEB8-8B4A-11D0-8D11-00A0C91BC942}") = "MakeLocalTable", "MakeLocalTable\MakeLocalTable.vcxproj", "{D1616B35-7103-45E2-9F02-F429AE44E618}"
EndProject
Project("{8BC9CEB8-8B4A-11D0-8D11-00A0C91BC942}") = "WordCombination", "WordCombination\WordCombination.vcxproj", "{7CD77A15-C3BE-4FE5-916F-E496F81ECB96}"
EndProject
Global
	GlobalSection(SolutionConfigurationPlatforms) = preSolution
		Debug|x64 = Debug|x64
		Release|x64 = Release|x64
	EndGlobalSection
	GlobalSection(ProjectConfigurationPlatforms) = postSolution
		{D78D0ED2-ABAD-4EA1-83E2-C77569C24198}.Debug|x64.ActiveCfg = Debug|x64
		{D78D0ED2-ABAD-4EA1-83E2-C77569C24198}.Debug|x64.Build.0 = Debug|x64
		{D78D0ED2-ABAD-4EA1-83E2-C77569C24198}.Release|x64.ActiveCfg = Release|x64
		{D78D0ED2-ABAD-4EA1-83E2-C77569C24198}.Release|x64.Build.0 = Release|x64
		{6543D3B8-AFE6-4C6D-99FA-692AD0136788}.Debug|x64.ActiveCfg = Debug|x64
		{6543D3B8-AFE6-4C6D-99FA-692AD0136788}.Debug|x64.Build.0 = Debug|x64
		{6543D3B8-AFE6-4C6D-99FA-692AD0136788}.Release|x64.ActiveCfg = Release|x64
		{6543D3B8-AFE6-4C6D-99FA-692AD0136788}.Release|x64.Build.0 = Release|x64
		{D20CE35B-ACAE-4452-8085-DCEE0D8B0654}.Debug|x64.ActiveCfg = Debug|x64
		{D20CE35B-ACAE-4452-8085-DCEE0D8B0654}.Debug|x64.Build.0 = Debug|x64
		{D20CE35B-ACAE-4452-8085-DCEE0D8B0654}.Release|x64.ActiveCfg = Release|x64
		{D20CE35B-ACAE-4452-8085-DCEE0D8B0654}.Release|x64.Build.0 = Release|x64
		{EF315DAD-A37F-494C-9DE9-C3370A75D2D0}.Debug|x64.ActiveCfg = Debug|x64
		{EF315DAD-A37F-494C-9DE9-C3370A75D2D0}.Debug|x64.Build.0 = Debug|x64
		{EF315DAD-A37F-494C-9DE9-C3370A75D2D0}.Release|x64.ActiveCfg = Release|x64
		{EF315DAD-A37F-494C-9DE9-C3370A75D2D0}.Release|x64.Build.0 = Release|x64
		{E3FE1B41-2E14-4553-BC3A-341723C529D5}.Debug|x64.ActiveCfg = Debug|x64
		{E3FE1B41-2E14-4553-BC3A-341723C529D5}.Debug|x64.Build.0 = Debug|x64
		{E3FE1B41-2E14-4553-BC3A-341723C529D5}.Release|x64.ActiveCfg = Release|x64
		{E3FE1B41-2E14-4553-BC3A-341723C529D5}.Release|x64.Build.0 = Release|x64
		{5C145FC4-C496-4BE9-9284-F7A307839B34}.Debug|x64.ActiveCfg = Debug|x64
		{5C145FC4-C496-4BE9-9284-F7A307839B34}.Debug|x64.Build.0 = Debug|x64
		{5C145FC4-C496-4BE9-9284-F7A307839B34}.Release|x64.ActiveCfg = Release|x64
		{5C145FC4-C496-4BE9-9284-F7A307839B34}.Release|x64.Build.0 = Release|x64
		{21124C64-33D0-45B4-A10A-C7D481D44F0A}.Debug|x64.ActiveCfg = Debug|x64
		{21124C64-33D0-45B4-A10A-C7D481D44F0A}.Debug|x64.Build.0 = Debug|x64
		{21124C64-33D0-45B4-A10A-C7D481D44F0A}.Release|x64.ActiveCfg = Release|x64
		{21124C64-33D0-45B4-A10A-C7D481D44F0A}.Release|x64.Build.0 = Release|x64
		{361AED45-4468-4C41-B74F-3E9C96EBC336}.Debug|x64.ActiveCfg = Debug|x64
		{361AED45-4468-4C41-B74F-3E9C96EBC336}.Debug|x64.Build.0 = Debug|x64
		{361AED45-4468-4C41-B74F-3E9C96EBC336}.Release|x64.ActiveCfg = Release|x64
		{361AED45-4468-4C41-B74F-3E9C96EBC336}.Release|x64.Build.0 = Release|x64
		{D1616B35-7103-45E2-9F02-F429AE44E618}.Debug|x64.ActiveCfg = Debug|x64
		{D1616B35-7103-45E2-9F02-F429AE44E618}.Debug|x64.Build.0 = Debug|x64
		{D1616B35-7103-45E2-9F02-F429AE44E618}.Release|x64.ActiveCfg = Release|x64
		{D1616B35-7103-45E2-9F02-F429AE44E618}.Release|x64.Build.0 = Release|x64
		{7CD77A15-C3BE-4FE5-916F-E496F81ECB96}.Debug|x64.ActiveCfg = Debug|x64
		{7CD77A15-C3BE-4FE5-916F-E496F81ECB96}.Debug|x64.Build.0 = Debug|x64
		{7CD77A15-C3BE-4FE5-916F-E496F81ECB96}.Release|x64.ActiveCfg = Release|x64
		{7CD77A15-C3BE-4FE5-916F-E496F81ECB96}.Release|x64.Build.0 = Release|x64
	EndGlobalSection
	GlobalSection(SolutionProperties) = preSolution
		HideSolutionNode = FALSE
	EndGlobalSection
	GlobalSection(ExtensibilityGlobals) = postSolution
		SolutionGuid = {053DF4BD-FC2A-42C9-8CF3-7F6A5D52D82E}
	EndGlobalSection
EndGlobal
