
Microsoft Visual Studio Solution File, Format Version 12.00
# Visual Studio Version 16
VisualStudioVersion = 16.0.28407.52
MinimumVisualStudioVersion = 10.0.40219.1
Project("{8BC9CEB8-8B4A-11D0-8D11-00A0C91BC942}") = "Xfit", "Xfit\Xfit.vcxproj", "{D78D0ED2-ABAD-4EA1-83E2-C77569C24198}"
	ProjectSection(ProjectDependencies) = postProject
		{D20CE35B-ACAE-4452-8085-DCEE0D8B0654} = {D20CE35B-ACAE-4452-8085-DCEE0D8B0654}
		{21124C64-33D0-45B4-A10A-C7D481D44F0A} = {21124C64-33D0-45B4-A10A-C7D481D44F0A}
	EndProjectSection
EndProject
Project("{8BC9CEB8-8B4A-11D0-8D11-00A0C91BC942}") = "Zlib", "Zlib\Zlib.vcxproj", "{21124C64-33D0-45B4-A10A-C7D481D44F0A}"
EndProject
Project("{8BC9CEB8-8B4A-11D0-8D11-00A0C91BC942}") = "Libjpeg", "Libjpeg\Libjpeg.vcxproj", "{D20CE35B-ACAE-4452-8085-DCEE0D8B0654}"
EndProject
Project("{8BC9CEB8-8B4A-11D0-8D11-00A0C91BC942}") = "Libpng", "Libpng\Libpng.vcxproj", "{E3FE1B41-2E14-4553-BC3A-341723C529D5}"
	ProjectSection(ProjectDependencies) = postProject
		{21124C64-33D0-45B4-A10A-C7D481D44F0A} = {21124C64-33D0-45B4-A10A-C7D481D44F0A}
	EndProjectSection
EndProject
Project("{8BC9CEB8-8B4A-11D0-8D11-00A0C91BC942}") = "Libogg", "Libogg\Libogg.vcxproj", "{EF315DAD-A37F-494C-9DE9-C3370A75D2D0}"
EndProject
Project("{8BC9CEB8-8B4A-11D0-8D11-00A0C91BC942}") = "XfitTest", "XfitTest\XfitTest.vcxproj", "{A48A93D6-8904-4FA6-8A0A-A098F8856967}"
EndProject
Project("{8BC9CEB8-8B4A-11D0-8D11-00A0C91BC942}") = "XfitAndroid", "XfitAndroid\XfitAndroid.vcxproj", "{FE014A3F-31B7-47BD-8BD4-750492167B16}"
	ProjectSection(ProjectDependencies) = postProject
		{2CC29845-C652-4C10-874B-6773139D1A45} = {2CC29845-C652-4C10-874B-6773139D1A45}
		{ADC98346-2D94-49E2-80AA-467C8A1DD9B9} = {ADC98346-2D94-49E2-80AA-467C8A1DD9B9}
		{21124C64-33D0-45B4-A10A-C7D481D44F0A} = {21124C64-33D0-45B4-A10A-C7D481D44F0A}
		{372B8468-7DA6-4FB9-8890-85CF1C2ACB17} = {372B8468-7DA6-4FB9-8890-85CF1C2ACB17}
	EndProjectSection
EndProject
Project("{8BC9CEB8-8B4A-11D0-8D11-00A0C91BC942}") = "LibjpegAndroid", "LibjpegAndroid\LibjpegAndroid.vcxproj", "{ADC98346-2D94-49E2-80AA-467C8A1DD9B9}"
EndProject
Project("{8BC9CEB8-8B4A-11D0-8D11-00A0C91BC942}") = "LiboggAndroid", "LiboggAndroid\LiboggAndroid.vcxproj", "{372B8468-7DA6-4FB9-8890-85CF1C2ACB17}"
EndProject
Project("{8BC9CEB8-8B4A-11D0-8D11-00A0C91BC942}") = "LibpngAndroid", "LibpngAndroid\LibpngAndroid.vcxproj", "{2CC29845-C652-4C10-874B-6773139D1A45}"
EndProject
Project("{2150E333-8FDC-42A3-9474-1A3956D46DE8}") = "XfitTestAndroid", "XfitTestAndroid", "{083E8DA9-69E2-4647-9FFF-7A1733E8987E}"
EndProject
Project("{39E2626F-3545-4960-A6E8-258AD8476CE5}") = "XfitTestAndroid.Packaging", "XfitTestAndroid\XfitTestAndroid.Packaging\XfitTestAndroid.Packaging.androidproj", "{4EE565EC-2FFE-40F1-AFA8-0BD3CC764016}"
EndProject
Project("{8BC9CEB8-8B4A-11D0-8D11-00A0C91BC942}") = "XfitTestAndroid.NativeActivity", "XfitTestAndroid\XfitTestAndroid.NativeActivity\XfitTestAndroid.NativeActivity.vcxproj", "{8401A68E-460E-47D8-8151-9B0A488F052B}"
EndProject
Project("{8BC9CEB8-8B4A-11D0-8D11-00A0C91BC942}") = "Freetype", "Freetype\Freetype.vcxproj", "{6543D3B8-AFE6-4C6D-99FA-692AD0136788}"
EndProject
Project("{8BC9CEB8-8B4A-11D0-8D11-00A0C91BC942}") = "FreetypeAndroid", "FreetypeAndroid\FreetypeAndroid.vcxproj", "{24DF2D11-D5F4-4967-9AFD-9A761DB34594}"
EndProject
Global
	GlobalSection(SolutionConfigurationPlatforms) = preSolution
		Debug Static|ARM = Debug Static|ARM
		Debug Static|ARM64 = Debug Static|ARM64
		Debug Static|x64 = Debug Static|x64
		Debug Static|x86 = Debug Static|x86
		Debug|ARM = Debug|ARM
		Debug|ARM64 = Debug|ARM64
		Debug|x64 = Debug|x64
		Debug|x86 = Debug|x86
		Release Static|ARM = Release Static|ARM
		Release Static|ARM64 = Release Static|ARM64
		Release Static|x64 = Release Static|x64
		Release Static|x86 = Release Static|x86
		Release|ARM = Release|ARM
		Release|ARM64 = Release|ARM64
		Release|x64 = Release|x64
		Release|x86 = Release|x86
	EndGlobalSection
	GlobalSection(ProjectConfigurationPlatforms) = postSolution
		{D78D0ED2-ABAD-4EA1-83E2-C77569C24198}.Debug Static|ARM.ActiveCfg = Debug|ARM
		{D78D0ED2-ABAD-4EA1-83E2-C77569C24198}.Debug Static|ARM.Build.0 = Debug|ARM
		{D78D0ED2-ABAD-4EA1-83E2-C77569C24198}.Debug Static|ARM64.ActiveCfg = Release|ARM
		{D78D0ED2-ABAD-4EA1-83E2-C77569C24198}.Debug Static|ARM64.Build.0 = Release|ARM
		{D78D0ED2-ABAD-4EA1-83E2-C77569C24198}.Debug Static|x64.ActiveCfg = Debug|x64
		{D78D0ED2-ABAD-4EA1-83E2-C77569C24198}.Debug Static|x64.Build.0 = Debug|x64
		{D78D0ED2-ABAD-4EA1-83E2-C77569C24198}.Debug Static|x86.ActiveCfg = Release|ARM
		{D78D0ED2-ABAD-4EA1-83E2-C77569C24198}.Debug Static|x86.Build.0 = Release|ARM
		{D78D0ED2-ABAD-4EA1-83E2-C77569C24198}.Debug|ARM.ActiveCfg = Debug|ARM
		{D78D0ED2-ABAD-4EA1-83E2-C77569C24198}.Debug|ARM64.ActiveCfg = Debug|x64
		{D78D0ED2-ABAD-4EA1-83E2-C77569C24198}.Debug|x64.ActiveCfg = Debug|x64
		{D78D0ED2-ABAD-4EA1-83E2-C77569C24198}.Debug|x64.Build.0 = Debug|x64
		{D78D0ED2-ABAD-4EA1-83E2-C77569C24198}.Debug|x86.ActiveCfg = Debug|x64
		{D78D0ED2-ABAD-4EA1-83E2-C77569C24198}.Release Static|ARM.ActiveCfg = Release|ARM
		{D78D0ED2-ABAD-4EA1-83E2-C77569C24198}.Release Static|ARM.Build.0 = Release|ARM
		{D78D0ED2-ABAD-4EA1-83E2-C77569C24198}.Release Static|ARM64.ActiveCfg = Release|ARM
		{D78D0ED2-ABAD-4EA1-83E2-C77569C24198}.Release Static|ARM64.Build.0 = Release|ARM
		{D78D0ED2-ABAD-4EA1-83E2-C77569C24198}.Release Static|x64.ActiveCfg = Release|x64
		{D78D0ED2-ABAD-4EA1-83E2-C77569C24198}.Release Static|x64.Build.0 = Release|x64
		{D78D0ED2-ABAD-4EA1-83E2-C77569C24198}.Release Static|x86.ActiveCfg = Release|ARM
		{D78D0ED2-ABAD-4EA1-83E2-C77569C24198}.Release Static|x86.Build.0 = Release|ARM
		{D78D0ED2-ABAD-4EA1-83E2-C77569C24198}.Release|ARM.ActiveCfg = Release|x64
		{D78D0ED2-ABAD-4EA1-83E2-C77569C24198}.Release|ARM64.ActiveCfg = Release|x64
		{D78D0ED2-ABAD-4EA1-83E2-C77569C24198}.Release|x64.ActiveCfg = Release|x64
		{D78D0ED2-ABAD-4EA1-83E2-C77569C24198}.Release|x64.Build.0 = Release|x64
		{D78D0ED2-ABAD-4EA1-83E2-C77569C24198}.Release|x86.ActiveCfg = Release|x64
		{21124C64-33D0-45B4-A10A-C7D481D44F0A}.Debug Static|ARM.ActiveCfg = Debug|ARM
		{21124C64-33D0-45B4-A10A-C7D481D44F0A}.Debug Static|ARM.Build.0 = Debug|ARM
		{21124C64-33D0-45B4-A10A-C7D481D44F0A}.Debug Static|ARM64.ActiveCfg = Release|ARM
		{21124C64-33D0-45B4-A10A-C7D481D44F0A}.Debug Static|ARM64.Build.0 = Release|ARM
		{21124C64-33D0-45B4-A10A-C7D481D44F0A}.Debug Static|x64.ActiveCfg = Debug|x64
		{21124C64-33D0-45B4-A10A-C7D481D44F0A}.Debug Static|x64.Build.0 = Debug|x64
		{21124C64-33D0-45B4-A10A-C7D481D44F0A}.Debug Static|x86.ActiveCfg = Release|ARM
		{21124C64-33D0-45B4-A10A-C7D481D44F0A}.Debug Static|x86.Build.0 = Release|ARM
		{21124C64-33D0-45B4-A10A-C7D481D44F0A}.Debug|ARM.ActiveCfg = Debug|ARM
		{21124C64-33D0-45B4-A10A-C7D481D44F0A}.Debug|ARM64.ActiveCfg = Debug|x64
		{21124C64-33D0-45B4-A10A-C7D481D44F0A}.Debug|x64.ActiveCfg = Debug|x64
		{21124C64-33D0-45B4-A10A-C7D481D44F0A}.Debug|x64.Build.0 = Debug|x64
		{21124C64-33D0-45B4-A10A-C7D481D44F0A}.Debug|x86.ActiveCfg = Debug|x64
		{21124C64-33D0-45B4-A10A-C7D481D44F0A}.Release Static|ARM.ActiveCfg = Release|ARM
		{21124C64-33D0-45B4-A10A-C7D481D44F0A}.Release Static|ARM.Build.0 = Release|ARM
		{21124C64-33D0-45B4-A10A-C7D481D44F0A}.Release Static|ARM64.ActiveCfg = Release|ARM
		{21124C64-33D0-45B4-A10A-C7D481D44F0A}.Release Static|ARM64.Build.0 = Release|ARM
		{21124C64-33D0-45B4-A10A-C7D481D44F0A}.Release Static|x64.ActiveCfg = Release|x64
		{21124C64-33D0-45B4-A10A-C7D481D44F0A}.Release Static|x64.Build.0 = Release|x64
		{21124C64-33D0-45B4-A10A-C7D481D44F0A}.Release Static|x86.ActiveCfg = Release|ARM
		{21124C64-33D0-45B4-A10A-C7D481D44F0A}.Release Static|x86.Build.0 = Release|ARM
		{21124C64-33D0-45B4-A10A-C7D481D44F0A}.Release|ARM.ActiveCfg = Release|x64
		{21124C64-33D0-45B4-A10A-C7D481D44F0A}.Release|ARM64.ActiveCfg = Release|x64
		{21124C64-33D0-45B4-A10A-C7D481D44F0A}.Release|x64.ActiveCfg = Release|x64
		{21124C64-33D0-45B4-A10A-C7D481D44F0A}.Release|x64.Build.0 = Release|x64
		{21124C64-33D0-45B4-A10A-C7D481D44F0A}.Release|x86.ActiveCfg = Release|x64
		{D20CE35B-ACAE-4452-8085-DCEE0D8B0654}.Debug Static|ARM.ActiveCfg = Debug|ARM
		{D20CE35B-ACAE-4452-8085-DCEE0D8B0654}.Debug Static|ARM.Build.0 = Debug|ARM
		{D20CE35B-ACAE-4452-8085-DCEE0D8B0654}.Debug Static|ARM64.ActiveCfg = Release|ARM
		{D20CE35B-ACAE-4452-8085-DCEE0D8B0654}.Debug Static|ARM64.Build.0 = Release|ARM
		{D20CE35B-ACAE-4452-8085-DCEE0D8B0654}.Debug Static|x64.ActiveCfg = Debug|x64
		{D20CE35B-ACAE-4452-8085-DCEE0D8B0654}.Debug Static|x64.Build.0 = Debug|x64
		{D20CE35B-ACAE-4452-8085-DCEE0D8B0654}.Debug Static|x86.ActiveCfg = Release|ARM
		{D20CE35B-ACAE-4452-8085-DCEE0D8B0654}.Debug Static|x86.Build.0 = Release|ARM
		{D20CE35B-ACAE-4452-8085-DCEE0D8B0654}.Debug|ARM.ActiveCfg = Debug|ARM
		{D20CE35B-ACAE-4452-8085-DCEE0D8B0654}.Debug|ARM64.ActiveCfg = Debug|x64
		{D20CE35B-ACAE-4452-8085-DCEE0D8B0654}.Debug|x64.ActiveCfg = Debug|x64
		{D20CE35B-ACAE-4452-8085-DCEE0D8B0654}.Debug|x64.Build.0 = Debug|x64
		{D20CE35B-ACAE-4452-8085-DCEE0D8B0654}.Debug|x86.ActiveCfg = Debug|x64
		{D20CE35B-ACAE-4452-8085-DCEE0D8B0654}.Release Static|ARM.ActiveCfg = Release|ARM
		{D20CE35B-ACAE-4452-8085-DCEE0D8B0654}.Release Static|ARM.Build.0 = Release|ARM
		{D20CE35B-ACAE-4452-8085-DCEE0D8B0654}.Release Static|ARM64.ActiveCfg = Release|ARM
		{D20CE35B-ACAE-4452-8085-DCEE0D8B0654}.Release Static|ARM64.Build.0 = Release|ARM
		{D20CE35B-ACAE-4452-8085-DCEE0D8B0654}.Release Static|x64.ActiveCfg = Release|x64
		{D20CE35B-ACAE-4452-8085-DCEE0D8B0654}.Release Static|x64.Build.0 = Release|x64
		{D20CE35B-ACAE-4452-8085-DCEE0D8B0654}.Release Static|x86.ActiveCfg = Release|ARM
		{D20CE35B-ACAE-4452-8085-DCEE0D8B0654}.Release Static|x86.Build.0 = Release|ARM
		{D20CE35B-ACAE-4452-8085-DCEE0D8B0654}.Release|ARM.ActiveCfg = Release|x64
		{D20CE35B-ACAE-4452-8085-DCEE0D8B0654}.Release|ARM64.ActiveCfg = Release|x64
		{D20CE35B-ACAE-4452-8085-DCEE0D8B0654}.Release|x64.ActiveCfg = Release|x64
		{D20CE35B-ACAE-4452-8085-DCEE0D8B0654}.Release|x64.Build.0 = Release|x64
		{D20CE35B-ACAE-4452-8085-DCEE0D8B0654}.Release|x86.ActiveCfg = Release|x64
		{E3FE1B41-2E14-4553-BC3A-341723C529D5}.Debug Static|ARM.ActiveCfg = Debug|ARM
		{E3FE1B41-2E14-4553-BC3A-341723C529D5}.Debug Static|ARM.Build.0 = Debug|ARM
		{E3FE1B41-2E14-4553-BC3A-341723C529D5}.Debug Static|ARM64.ActiveCfg = Release|ARM
		{E3FE1B41-2E14-4553-BC3A-341723C529D5}.Debug Static|ARM64.Build.0 = Release|ARM
		{E3FE1B41-2E14-4553-BC3A-341723C529D5}.Debug Static|x64.ActiveCfg = Debug|x64
		{E3FE1B41-2E14-4553-BC3A-341723C529D5}.Debug Static|x64.Build.0 = Debug|x64
		{E3FE1B41-2E14-4553-BC3A-341723C529D5}.Debug Static|x86.ActiveCfg = Release|ARM
		{E3FE1B41-2E14-4553-BC3A-341723C529D5}.Debug Static|x86.Build.0 = Release|ARM
		{E3FE1B41-2E14-4553-BC3A-341723C529D5}.Debug|ARM.ActiveCfg = Debug|ARM
		{E3FE1B41-2E14-4553-BC3A-341723C529D5}.Debug|ARM64.ActiveCfg = Debug|x64
		{E3FE1B41-2E14-4553-BC3A-341723C529D5}.Debug|x64.ActiveCfg = Debug|x64
		{E3FE1B41-2E14-4553-BC3A-341723C529D5}.Debug|x64.Build.0 = Debug|x64
		{E3FE1B41-2E14-4553-BC3A-341723C529D5}.Debug|x86.ActiveCfg = Debug|x64
		{E3FE1B41-2E14-4553-BC3A-341723C529D5}.Release Static|ARM.ActiveCfg = Release|ARM
		{E3FE1B41-2E14-4553-BC3A-341723C529D5}.Release Static|ARM.Build.0 = Release|ARM
		{E3FE1B41-2E14-4553-BC3A-341723C529D5}.Release Static|ARM64.ActiveCfg = Release|ARM
		{E3FE1B41-2E14-4553-BC3A-341723C529D5}.Release Static|ARM64.Build.0 = Release|ARM
		{E3FE1B41-2E14-4553-BC3A-341723C529D5}.Release Static|x64.ActiveCfg = Release|x64
		{E3FE1B41-2E14-4553-BC3A-341723C529D5}.Release Static|x64.Build.0 = Release|x64
		{E3FE1B41-2E14-4553-BC3A-341723C529D5}.Release Static|x86.ActiveCfg = Release|ARM
		{E3FE1B41-2E14-4553-BC3A-341723C529D5}.Release Static|x86.Build.0 = Release|ARM
		{E3FE1B41-2E14-4553-BC3A-341723C529D5}.Release|ARM.ActiveCfg = Release|x64
		{E3FE1B41-2E14-4553-BC3A-341723C529D5}.Release|ARM64.ActiveCfg = Release|x64
		{E3FE1B41-2E14-4553-BC3A-341723C529D5}.Release|x64.ActiveCfg = Release|x64
		{E3FE1B41-2E14-4553-BC3A-341723C529D5}.Release|x64.Build.0 = Release|x64
		{E3FE1B41-2E14-4553-BC3A-341723C529D5}.Release|x86.ActiveCfg = Release|x64
		{EF315DAD-A37F-494C-9DE9-C3370A75D2D0}.Debug Static|ARM.ActiveCfg = Debug|ARM
		{EF315DAD-A37F-494C-9DE9-C3370A75D2D0}.Debug Static|ARM.Build.0 = Debug|ARM
		{EF315DAD-A37F-494C-9DE9-C3370A75D2D0}.Debug Static|ARM64.ActiveCfg = Release|ARM
		{EF315DAD-A37F-494C-9DE9-C3370A75D2D0}.Debug Static|ARM64.Build.0 = Release|ARM
		{EF315DAD-A37F-494C-9DE9-C3370A75D2D0}.Debug Static|x64.ActiveCfg = Debug|x64
		{EF315DAD-A37F-494C-9DE9-C3370A75D2D0}.Debug Static|x64.Build.0 = Debug|x64
		{EF315DAD-A37F-494C-9DE9-C3370A75D2D0}.Debug Static|x86.ActiveCfg = Release|ARM
		{EF315DAD-A37F-494C-9DE9-C3370A75D2D0}.Debug Static|x86.Build.0 = Release|ARM
		{EF315DAD-A37F-494C-9DE9-C3370A75D2D0}.Debug|ARM.ActiveCfg = Debug|ARM
		{EF315DAD-A37F-494C-9DE9-C3370A75D2D0}.Debug|ARM64.ActiveCfg = Debug|x64
		{EF315DAD-A37F-494C-9DE9-C3370A75D2D0}.Debug|x64.ActiveCfg = Debug|x64
		{EF315DAD-A37F-494C-9DE9-C3370A75D2D0}.Debug|x64.Build.0 = Debug|x64
		{EF315DAD-A37F-494C-9DE9-C3370A75D2D0}.Debug|x86.ActiveCfg = Debug|x64
		{EF315DAD-A37F-494C-9DE9-C3370A75D2D0}.Release Static|ARM.ActiveCfg = Release|ARM
		{EF315DAD-A37F-494C-9DE9-C3370A75D2D0}.Release Static|ARM.Build.0 = Release|ARM
		{EF315DAD-A37F-494C-9DE9-C3370A75D2D0}.Release Static|ARM64.ActiveCfg = Release|ARM
		{EF315DAD-A37F-494C-9DE9-C3370A75D2D0}.Release Static|ARM64.Build.0 = Release|ARM
		{EF315DAD-A37F-494C-9DE9-C3370A75D2D0}.Release Static|x64.ActiveCfg = Release|x64
		{EF315DAD-A37F-494C-9DE9-C3370A75D2D0}.Release Static|x64.Build.0 = Release|x64
		{EF315DAD-A37F-494C-9DE9-C3370A75D2D0}.Release Static|x86.ActiveCfg = Release|ARM
		{EF315DAD-A37F-494C-9DE9-C3370A75D2D0}.Release Static|x86.Build.0 = Release|ARM
		{EF315DAD-A37F-494C-9DE9-C3370A75D2D0}.Release|ARM.ActiveCfg = Release|x64
		{EF315DAD-A37F-494C-9DE9-C3370A75D2D0}.Release|ARM64.ActiveCfg = Release|x64
		{EF315DAD-A37F-494C-9DE9-C3370A75D2D0}.Release|x64.ActiveCfg = Release|x64
		{EF315DAD-A37F-494C-9DE9-C3370A75D2D0}.Release|x64.Build.0 = Release|x64
		{EF315DAD-A37F-494C-9DE9-C3370A75D2D0}.Release|x86.ActiveCfg = Release|x64
		{A48A93D6-8904-4FA6-8A0A-A098F8856967}.Debug Static|ARM.ActiveCfg = Debug|ARM
		{A48A93D6-8904-4FA6-8A0A-A098F8856967}.Debug Static|ARM.Build.0 = Debug|ARM
		{A48A93D6-8904-4FA6-8A0A-A098F8856967}.Debug Static|ARM64.ActiveCfg = Release|ARM
		{A48A93D6-8904-4FA6-8A0A-A098F8856967}.Debug Static|ARM64.Build.0 = Release|ARM
		{A48A93D6-8904-4FA6-8A0A-A098F8856967}.Debug Static|x64.ActiveCfg = Debug|x64
		{A48A93D6-8904-4FA6-8A0A-A098F8856967}.Debug Static|x64.Build.0 = Debug|x64
		{A48A93D6-8904-4FA6-8A0A-A098F8856967}.Debug Static|x86.ActiveCfg = Release|ARM
		{A48A93D6-8904-4FA6-8A0A-A098F8856967}.Debug Static|x86.Build.0 = Release|ARM
		{A48A93D6-8904-4FA6-8A0A-A098F8856967}.Debug|ARM.ActiveCfg = Debug|ARM
		{A48A93D6-8904-4FA6-8A0A-A098F8856967}.Debug|ARM64.ActiveCfg = Debug|x64
		{A48A93D6-8904-4FA6-8A0A-A098F8856967}.Debug|x64.ActiveCfg = Debug|x64
		{A48A93D6-8904-4FA6-8A0A-A098F8856967}.Debug|x64.Build.0 = Debug|x64
		{A48A93D6-8904-4FA6-8A0A-A098F8856967}.Debug|x86.ActiveCfg = Debug|x64
		{A48A93D6-8904-4FA6-8A0A-A098F8856967}.Release Static|ARM.ActiveCfg = Release|ARM
		{A48A93D6-8904-4FA6-8A0A-A098F8856967}.Release Static|ARM.Build.0 = Release|ARM
		{A48A93D6-8904-4FA6-8A0A-A098F8856967}.Release Static|ARM64.ActiveCfg = Release|ARM
		{A48A93D6-8904-4FA6-8A0A-A098F8856967}.Release Static|ARM64.Build.0 = Release|ARM
		{A48A93D6-8904-4FA6-8A0A-A098F8856967}.Release Static|x64.ActiveCfg = Release|x64
		{A48A93D6-8904-4FA6-8A0A-A098F8856967}.Release Static|x64.Build.0 = Release|x64
		{A48A93D6-8904-4FA6-8A0A-A098F8856967}.Release Static|x86.ActiveCfg = Release|ARM
		{A48A93D6-8904-4FA6-8A0A-A098F8856967}.Release Static|x86.Build.0 = Release|ARM
		{A48A93D6-8904-4FA6-8A0A-A098F8856967}.Release|ARM.ActiveCfg = Release|x64
		{A48A93D6-8904-4FA6-8A0A-A098F8856967}.Release|ARM64.ActiveCfg = Release|x64
		{A48A93D6-8904-4FA6-8A0A-A098F8856967}.Release|x64.ActiveCfg = Release|x64
		{A48A93D6-8904-4FA6-8A0A-A098F8856967}.Release|x64.Build.0 = Release|x64
		{A48A93D6-8904-4FA6-8A0A-A098F8856967}.Release|x86.ActiveCfg = Release|x64
		{FE014A3F-31B7-47BD-8BD4-750492167B16}.Debug Static|ARM.ActiveCfg = Debug|ARM
		{FE014A3F-31B7-47BD-8BD4-750492167B16}.Debug Static|ARM.Build.0 = Debug|ARM
		{FE014A3F-31B7-47BD-8BD4-750492167B16}.Debug Static|ARM64.ActiveCfg = Debug|ARM64
		{FE014A3F-31B7-47BD-8BD4-750492167B16}.Debug Static|ARM64.Build.0 = Debug|ARM64
		{FE014A3F-31B7-47BD-8BD4-750492167B16}.Debug Static|x64.ActiveCfg = Debug|x64
		{FE014A3F-31B7-47BD-8BD4-750492167B16}.Debug Static|x64.Build.0 = Debug|x64
		{FE014A3F-31B7-47BD-8BD4-750492167B16}.Debug Static|x86.ActiveCfg = Debug|x86
		{FE014A3F-31B7-47BD-8BD4-750492167B16}.Debug Static|x86.Build.0 = Debug|x86
		{FE014A3F-31B7-47BD-8BD4-750492167B16}.Debug|ARM.ActiveCfg = Debug|ARM
		{FE014A3F-31B7-47BD-8BD4-750492167B16}.Debug|ARM.Build.0 = Debug|ARM
		{FE014A3F-31B7-47BD-8BD4-750492167B16}.Debug|ARM64.ActiveCfg = Debug|ARM64
		{FE014A3F-31B7-47BD-8BD4-750492167B16}.Debug|ARM64.Build.0 = Debug|ARM64
		{FE014A3F-31B7-47BD-8BD4-750492167B16}.Debug|x64.ActiveCfg = Debug|x64
		{FE014A3F-31B7-47BD-8BD4-750492167B16}.Debug|x64.Build.0 = Debug|x64
		{FE014A3F-31B7-47BD-8BD4-750492167B16}.Debug|x86.ActiveCfg = Debug|x86
		{FE014A3F-31B7-47BD-8BD4-750492167B16}.Debug|x86.Build.0 = Debug|x86
		{FE014A3F-31B7-47BD-8BD4-750492167B16}.Release Static|ARM.ActiveCfg = Release|ARM
		{FE014A3F-31B7-47BD-8BD4-750492167B16}.Release Static|ARM.Build.0 = Release|ARM
		{FE014A3F-31B7-47BD-8BD4-750492167B16}.Release Static|ARM64.ActiveCfg = Release|ARM64
		{FE014A3F-31B7-47BD-8BD4-750492167B16}.Release Static|ARM64.Build.0 = Release|ARM64
		{FE014A3F-31B7-47BD-8BD4-750492167B16}.Release Static|x64.ActiveCfg = Release|x64
		{FE014A3F-31B7-47BD-8BD4-750492167B16}.Release Static|x64.Build.0 = Release|x64
		{FE014A3F-31B7-47BD-8BD4-750492167B16}.Release Static|x86.ActiveCfg = Release|x86
		{FE014A3F-31B7-47BD-8BD4-750492167B16}.Release Static|x86.Build.0 = Release|x86
		{FE014A3F-31B7-47BD-8BD4-750492167B16}.Release|ARM.ActiveCfg = Release|ARM
		{FE014A3F-31B7-47BD-8BD4-750492167B16}.Release|ARM.Build.0 = Release|ARM
		{FE014A3F-31B7-47BD-8BD4-750492167B16}.Release|ARM64.ActiveCfg = Release|ARM64
		{FE014A3F-31B7-47BD-8BD4-750492167B16}.Release|ARM64.Build.0 = Release|ARM64
		{FE014A3F-31B7-47BD-8BD4-750492167B16}.Release|x64.ActiveCfg = Release|x64
		{FE014A3F-31B7-47BD-8BD4-750492167B16}.Release|x64.Build.0 = Release|x64
		{FE014A3F-31B7-47BD-8BD4-750492167B16}.Release|x86.ActiveCfg = Release|x86
		{FE014A3F-31B7-47BD-8BD4-750492167B16}.Release|x86.Build.0 = Release|x86
		{ADC98346-2D94-49E2-80AA-467C8A1DD9B9}.Debug Static|ARM.ActiveCfg = Debug|ARM
		{ADC98346-2D94-49E2-80AA-467C8A1DD9B9}.Debug Static|ARM.Build.0 = Debug|ARM
		{ADC98346-2D94-49E2-80AA-467C8A1DD9B9}.Debug Static|ARM64.ActiveCfg = Debug|ARM64
		{ADC98346-2D94-49E2-80AA-467C8A1DD9B9}.Debug Static|ARM64.Build.0 = Debug|ARM64
		{ADC98346-2D94-49E2-80AA-467C8A1DD9B9}.Debug Static|x64.ActiveCfg = Debug|x64
		{ADC98346-2D94-49E2-80AA-467C8A1DD9B9}.Debug Static|x64.Build.0 = Debug|x64
		{ADC98346-2D94-49E2-80AA-467C8A1DD9B9}.Debug Static|x86.ActiveCfg = Debug|x86
		{ADC98346-2D94-49E2-80AA-467C8A1DD9B9}.Debug Static|x86.Build.0 = Debug|x86
		{ADC98346-2D94-49E2-80AA-467C8A1DD9B9}.Debug|ARM.ActiveCfg = Debug|ARM
		{ADC98346-2D94-49E2-80AA-467C8A1DD9B9}.Debug|ARM.Build.0 = Debug|ARM
		{ADC98346-2D94-49E2-80AA-467C8A1DD9B9}.Debug|ARM64.ActiveCfg = Debug|ARM64
		{ADC98346-2D94-49E2-80AA-467C8A1DD9B9}.Debug|ARM64.Build.0 = Debug|ARM64
		{ADC98346-2D94-49E2-80AA-467C8A1DD9B9}.Debug|x64.ActiveCfg = Debug|x64
		{ADC98346-2D94-49E2-80AA-467C8A1DD9B9}.Debug|x64.Build.0 = Debug|x64
		{ADC98346-2D94-49E2-80AA-467C8A1DD9B9}.Debug|x86.ActiveCfg = Debug|x86
		{ADC98346-2D94-49E2-80AA-467C8A1DD9B9}.Debug|x86.Build.0 = Debug|x86
		{ADC98346-2D94-49E2-80AA-467C8A1DD9B9}.Release Static|ARM.ActiveCfg = Release|ARM
		{ADC98346-2D94-49E2-80AA-467C8A1DD9B9}.Release Static|ARM.Build.0 = Release|ARM
		{ADC98346-2D94-49E2-80AA-467C8A1DD9B9}.Release Static|ARM64.ActiveCfg = Release|ARM64
		{ADC98346-2D94-49E2-80AA-467C8A1DD9B9}.Release Static|ARM64.Build.0 = Release|ARM64
		{ADC98346-2D94-49E2-80AA-467C8A1DD9B9}.Release Static|x64.ActiveCfg = Release|x64
		{ADC98346-2D94-49E2-80AA-467C8A1DD9B9}.Release Static|x64.Build.0 = Release|x64
		{ADC98346-2D94-49E2-80AA-467C8A1DD9B9}.Release Static|x86.ActiveCfg = Release|x86
		{ADC98346-2D94-49E2-80AA-467C8A1DD9B9}.Release Static|x86.Build.0 = Release|x86
		{ADC98346-2D94-49E2-80AA-467C8A1DD9B9}.Release|ARM.ActiveCfg = Release|ARM
		{ADC98346-2D94-49E2-80AA-467C8A1DD9B9}.Release|ARM.Build.0 = Release|ARM
		{ADC98346-2D94-49E2-80AA-467C8A1DD9B9}.Release|ARM64.ActiveCfg = Release|ARM64
		{ADC98346-2D94-49E2-80AA-467C8A1DD9B9}.Release|ARM64.Build.0 = Release|ARM64
		{ADC98346-2D94-49E2-80AA-467C8A1DD9B9}.Release|x64.ActiveCfg = Release|x64
		{ADC98346-2D94-49E2-80AA-467C8A1DD9B9}.Release|x64.Build.0 = Release|x64
		{ADC98346-2D94-49E2-80AA-467C8A1DD9B9}.Release|x86.ActiveCfg = Release|x86
		{ADC98346-2D94-49E2-80AA-467C8A1DD9B9}.Release|x86.Build.0 = Release|x86
		{372B8468-7DA6-4FB9-8890-85CF1C2ACB17}.Debug Static|ARM.ActiveCfg = Debug|ARM
		{372B8468-7DA6-4FB9-8890-85CF1C2ACB17}.Debug Static|ARM.Build.0 = Debug|ARM
		{372B8468-7DA6-4FB9-8890-85CF1C2ACB17}.Debug Static|ARM64.ActiveCfg = Debug|ARM64
		{372B8468-7DA6-4FB9-8890-85CF1C2ACB17}.Debug Static|ARM64.Build.0 = Debug|ARM64
		{372B8468-7DA6-4FB9-8890-85CF1C2ACB17}.Debug Static|x64.ActiveCfg = Debug|x64
		{372B8468-7DA6-4FB9-8890-85CF1C2ACB17}.Debug Static|x64.Build.0 = Debug|x64
		{372B8468-7DA6-4FB9-8890-85CF1C2ACB17}.Debug Static|x86.ActiveCfg = Debug|x86
		{372B8468-7DA6-4FB9-8890-85CF1C2ACB17}.Debug Static|x86.Build.0 = Debug|x86
		{372B8468-7DA6-4FB9-8890-85CF1C2ACB17}.Debug|ARM.ActiveCfg = Debug|ARM
		{372B8468-7DA6-4FB9-8890-85CF1C2ACB17}.Debug|ARM.Build.0 = Debug|ARM
		{372B8468-7DA6-4FB9-8890-85CF1C2ACB17}.Debug|ARM64.ActiveCfg = Debug|ARM64
		{372B8468-7DA6-4FB9-8890-85CF1C2ACB17}.Debug|ARM64.Build.0 = Debug|ARM64
		{372B8468-7DA6-4FB9-8890-85CF1C2ACB17}.Debug|x64.ActiveCfg = Debug|x64
		{372B8468-7DA6-4FB9-8890-85CF1C2ACB17}.Debug|x64.Build.0 = Debug|x64
		{372B8468-7DA6-4FB9-8890-85CF1C2ACB17}.Debug|x86.ActiveCfg = Debug|x86
		{372B8468-7DA6-4FB9-8890-85CF1C2ACB17}.Debug|x86.Build.0 = Debug|x86
		{372B8468-7DA6-4FB9-8890-85CF1C2ACB17}.Release Static|ARM.ActiveCfg = Release|ARM
		{372B8468-7DA6-4FB9-8890-85CF1C2ACB17}.Release Static|ARM.Build.0 = Release|ARM
		{372B8468-7DA6-4FB9-8890-85CF1C2ACB17}.Release Static|ARM64.ActiveCfg = Release|ARM64
		{372B8468-7DA6-4FB9-8890-85CF1C2ACB17}.Release Static|ARM64.Build.0 = Release|ARM64
		{372B8468-7DA6-4FB9-8890-85CF1C2ACB17}.Release Static|x64.ActiveCfg = Release|x64
		{372B8468-7DA6-4FB9-8890-85CF1C2ACB17}.Release Static|x64.Build.0 = Release|x64
		{372B8468-7DA6-4FB9-8890-85CF1C2ACB17}.Release Static|x86.ActiveCfg = Release|x86
		{372B8468-7DA6-4FB9-8890-85CF1C2ACB17}.Release Static|x86.Build.0 = Release|x86
		{372B8468-7DA6-4FB9-8890-85CF1C2ACB17}.Release|ARM.ActiveCfg = Release|ARM
		{372B8468-7DA6-4FB9-8890-85CF1C2ACB17}.Release|ARM.Build.0 = Release|ARM
		{372B8468-7DA6-4FB9-8890-85CF1C2ACB17}.Release|ARM64.ActiveCfg = Release|ARM64
		{372B8468-7DA6-4FB9-8890-85CF1C2ACB17}.Release|ARM64.Build.0 = Release|ARM64
		{372B8468-7DA6-4FB9-8890-85CF1C2ACB17}.Release|x64.ActiveCfg = Release|x64
		{372B8468-7DA6-4FB9-8890-85CF1C2ACB17}.Release|x64.Build.0 = Release|x64
		{372B8468-7DA6-4FB9-8890-85CF1C2ACB17}.Release|x86.ActiveCfg = Release|x86
		{372B8468-7DA6-4FB9-8890-85CF1C2ACB17}.Release|x86.Build.0 = Release|x86
		{2CC29845-C652-4C10-874B-6773139D1A45}.Debug Static|ARM.ActiveCfg = Debug|ARM
		{2CC29845-C652-4C10-874B-6773139D1A45}.Debug Static|ARM.Build.0 = Debug|ARM
		{2CC29845-C652-4C10-874B-6773139D1A45}.Debug Static|ARM64.ActiveCfg = Debug|ARM64
		{2CC29845-C652-4C10-874B-6773139D1A45}.Debug Static|ARM64.Build.0 = Debug|ARM64
		{2CC29845-C652-4C10-874B-6773139D1A45}.Debug Static|x64.ActiveCfg = Debug|x64
		{2CC29845-C652-4C10-874B-6773139D1A45}.Debug Static|x64.Build.0 = Debug|x64
		{2CC29845-C652-4C10-874B-6773139D1A45}.Debug Static|x86.ActiveCfg = Debug|x86
		{2CC29845-C652-4C10-874B-6773139D1A45}.Debug Static|x86.Build.0 = Debug|x86
		{2CC29845-C652-4C10-874B-6773139D1A45}.Debug|ARM.ActiveCfg = Debug|ARM
		{2CC29845-C652-4C10-874B-6773139D1A45}.Debug|ARM.Build.0 = Debug|ARM
		{2CC29845-C652-4C10-874B-6773139D1A45}.Debug|ARM64.ActiveCfg = Debug|ARM64
		{2CC29845-C652-4C10-874B-6773139D1A45}.Debug|ARM64.Build.0 = Debug|ARM64
		{2CC29845-C652-4C10-874B-6773139D1A45}.Debug|x64.ActiveCfg = Debug|x64
		{2CC29845-C652-4C10-874B-6773139D1A45}.Debug|x64.Build.0 = Debug|x64
		{2CC29845-C652-4C10-874B-6773139D1A45}.Debug|x86.ActiveCfg = Debug|x86
		{2CC29845-C652-4C10-874B-6773139D1A45}.Debug|x86.Build.0 = Debug|x86
		{2CC29845-C652-4C10-874B-6773139D1A45}.Release Static|ARM.ActiveCfg = Release|ARM
		{2CC29845-C652-4C10-874B-6773139D1A45}.Release Static|ARM.Build.0 = Release|ARM
		{2CC29845-C652-4C10-874B-6773139D1A45}.Release Static|ARM64.ActiveCfg = Release|ARM64
		{2CC29845-C652-4C10-874B-6773139D1A45}.Release Static|ARM64.Build.0 = Release|ARM64
		{2CC29845-C652-4C10-874B-6773139D1A45}.Release Static|x64.ActiveCfg = Release|x64
		{2CC29845-C652-4C10-874B-6773139D1A45}.Release Static|x64.Build.0 = Release|x64
		{2CC29845-C652-4C10-874B-6773139D1A45}.Release Static|x86.ActiveCfg = Release|x86
		{2CC29845-C652-4C10-874B-6773139D1A45}.Release Static|x86.Build.0 = Release|x86
		{2CC29845-C652-4C10-874B-6773139D1A45}.Release|ARM.ActiveCfg = Release|ARM
		{2CC29845-C652-4C10-874B-6773139D1A45}.Release|ARM.Build.0 = Release|ARM
		{2CC29845-C652-4C10-874B-6773139D1A45}.Release|ARM64.ActiveCfg = Release|ARM64
		{2CC29845-C652-4C10-874B-6773139D1A45}.Release|ARM64.Build.0 = Release|ARM64
		{2CC29845-C652-4C10-874B-6773139D1A45}.Release|x64.ActiveCfg = Release|x64
		{2CC29845-C652-4C10-874B-6773139D1A45}.Release|x64.Build.0 = Release|x64
		{2CC29845-C652-4C10-874B-6773139D1A45}.Release|x86.ActiveCfg = Release|x86
		{2CC29845-C652-4C10-874B-6773139D1A45}.Release|x86.Build.0 = Release|x86
		{4EE565EC-2FFE-40F1-AFA8-0BD3CC764016}.Debug Static|ARM.ActiveCfg = Debug|ARM
		{4EE565EC-2FFE-40F1-AFA8-0BD3CC764016}.Debug Static|ARM.Build.0 = Debug|ARM
		{4EE565EC-2FFE-40F1-AFA8-0BD3CC764016}.Debug Static|ARM.Deploy.0 = Debug|ARM
		{4EE565EC-2FFE-40F1-AFA8-0BD3CC764016}.Debug Static|ARM64.ActiveCfg = Debug|ARM64
		{4EE565EC-2FFE-40F1-AFA8-0BD3CC764016}.Debug Static|ARM64.Build.0 = Debug|ARM64
		{4EE565EC-2FFE-40F1-AFA8-0BD3CC764016}.Debug Static|ARM64.Deploy.0 = Debug|ARM64
		{4EE565EC-2FFE-40F1-AFA8-0BD3CC764016}.Debug Static|x64.ActiveCfg = Debug|x64
		{4EE565EC-2FFE-40F1-AFA8-0BD3CC764016}.Debug Static|x64.Build.0 = Debug|x64
		{4EE565EC-2FFE-40F1-AFA8-0BD3CC764016}.Debug Static|x64.Deploy.0 = Debug|x64
		{4EE565EC-2FFE-40F1-AFA8-0BD3CC764016}.Debug Static|x86.ActiveCfg = Debug|x86
		{4EE565EC-2FFE-40F1-AFA8-0BD3CC764016}.Debug Static|x86.Build.0 = Debug|x86
		{4EE565EC-2FFE-40F1-AFA8-0BD3CC764016}.Debug Static|x86.Deploy.0 = Debug|x86
		{4EE565EC-2FFE-40F1-AFA8-0BD3CC764016}.Debug|ARM.ActiveCfg = Debug|ARM
		{4EE565EC-2FFE-40F1-AFA8-0BD3CC764016}.Debug|ARM.Build.0 = Debug|ARM
		{4EE565EC-2FFE-40F1-AFA8-0BD3CC764016}.Debug|ARM.Deploy.0 = Debug|ARM
		{4EE565EC-2FFE-40F1-AFA8-0BD3CC764016}.Debug|ARM64.ActiveCfg = Debug|ARM64
		{4EE565EC-2FFE-40F1-AFA8-0BD3CC764016}.Debug|ARM64.Build.0 = Debug|ARM64
		{4EE565EC-2FFE-40F1-AFA8-0BD3CC764016}.Debug|ARM64.Deploy.0 = Debug|ARM64
		{4EE565EC-2FFE-40F1-AFA8-0BD3CC764016}.Debug|x64.ActiveCfg = Debug|x64
		{4EE565EC-2FFE-40F1-AFA8-0BD3CC764016}.Debug|x64.Build.0 = Debug|x64
		{4EE565EC-2FFE-40F1-AFA8-0BD3CC764016}.Debug|x64.Deploy.0 = Debug|x64
		{4EE565EC-2FFE-40F1-AFA8-0BD3CC764016}.Debug|x86.ActiveCfg = Debug|x86
		{4EE565EC-2FFE-40F1-AFA8-0BD3CC764016}.Debug|x86.Build.0 = Debug|x86
		{4EE565EC-2FFE-40F1-AFA8-0BD3CC764016}.Debug|x86.Deploy.0 = Debug|x86
		{4EE565EC-2FFE-40F1-AFA8-0BD3CC764016}.Release Static|ARM.ActiveCfg = Release|ARM
		{4EE565EC-2FFE-40F1-AFA8-0BD3CC764016}.Release Static|ARM.Build.0 = Release|ARM
		{4EE565EC-2FFE-40F1-AFA8-0BD3CC764016}.Release Static|ARM.Deploy.0 = Release|ARM
		{4EE565EC-2FFE-40F1-AFA8-0BD3CC764016}.Release Static|ARM64.ActiveCfg = Release|ARM64
		{4EE565EC-2FFE-40F1-AFA8-0BD3CC764016}.Release Static|ARM64.Build.0 = Release|ARM64
		{4EE565EC-2FFE-40F1-AFA8-0BD3CC764016}.Release Static|ARM64.Deploy.0 = Release|ARM64
		{4EE565EC-2FFE-40F1-AFA8-0BD3CC764016}.Release Static|x64.ActiveCfg = Release|x64
		{4EE565EC-2FFE-40F1-AFA8-0BD3CC764016}.Release Static|x64.Build.0 = Release|x64
		{4EE565EC-2FFE-40F1-AFA8-0BD3CC764016}.Release Static|x64.Deploy.0 = Release|x64
		{4EE565EC-2FFE-40F1-AFA8-0BD3CC764016}.Release Static|x86.ActiveCfg = Release|x86
		{4EE565EC-2FFE-40F1-AFA8-0BD3CC764016}.Release Static|x86.Build.0 = Release|x86
		{4EE565EC-2FFE-40F1-AFA8-0BD3CC764016}.Release Static|x86.Deploy.0 = Release|x86
		{4EE565EC-2FFE-40F1-AFA8-0BD3CC764016}.Release|ARM.ActiveCfg = Release|ARM
		{4EE565EC-2FFE-40F1-AFA8-0BD3CC764016}.Release|ARM.Build.0 = Release|ARM
		{4EE565EC-2FFE-40F1-AFA8-0BD3CC764016}.Release|ARM.Deploy.0 = Release|ARM
		{4EE565EC-2FFE-40F1-AFA8-0BD3CC764016}.Release|ARM64.ActiveCfg = Release|ARM64
		{4EE565EC-2FFE-40F1-AFA8-0BD3CC764016}.Release|ARM64.Build.0 = Release|ARM64
		{4EE565EC-2FFE-40F1-AFA8-0BD3CC764016}.Release|ARM64.Deploy.0 = Release|ARM64
		{4EE565EC-2FFE-40F1-AFA8-0BD3CC764016}.Release|x64.ActiveCfg = Release|x64
		{4EE565EC-2FFE-40F1-AFA8-0BD3CC764016}.Release|x64.Build.0 = Release|x64
		{4EE565EC-2FFE-40F1-AFA8-0BD3CC764016}.Release|x64.Deploy.0 = Release|x64
		{4EE565EC-2FFE-40F1-AFA8-0BD3CC764016}.Release|x86.ActiveCfg = Release|x86
		{4EE565EC-2FFE-40F1-AFA8-0BD3CC764016}.Release|x86.Build.0 = Release|x86
		{4EE565EC-2FFE-40F1-AFA8-0BD3CC764016}.Release|x86.Deploy.0 = Release|x86
		{8401A68E-460E-47D8-8151-9B0A488F052B}.Debug Static|ARM.ActiveCfg = Debug|ARM
		{8401A68E-460E-47D8-8151-9B0A488F052B}.Debug Static|ARM.Build.0 = Debug|ARM
		{8401A68E-460E-47D8-8151-9B0A488F052B}.Debug Static|ARM64.ActiveCfg = Debug|ARM64
		{8401A68E-460E-47D8-8151-9B0A488F052B}.Debug Static|ARM64.Build.0 = Debug|ARM64
		{8401A68E-460E-47D8-8151-9B0A488F052B}.Debug Static|x64.ActiveCfg = Debug|x64
		{8401A68E-460E-47D8-8151-9B0A488F052B}.Debug Static|x64.Build.0 = Debug|x64
		{8401A68E-460E-47D8-8151-9B0A488F052B}.Debug Static|x86.ActiveCfg = Debug|x86
		{8401A68E-460E-47D8-8151-9B0A488F052B}.Debug Static|x86.Build.0 = Debug|x86
		{8401A68E-460E-47D8-8151-9B0A488F052B}.Debug|ARM.ActiveCfg = Debug|ARM
		{8401A68E-460E-47D8-8151-9B0A488F052B}.Debug|ARM.Build.0 = Debug|ARM
		{8401A68E-460E-47D8-8151-9B0A488F052B}.Debug|ARM64.ActiveCfg = Debug|ARM64
		{8401A68E-460E-47D8-8151-9B0A488F052B}.Debug|ARM64.Build.0 = Debug|ARM64
		{8401A68E-460E-47D8-8151-9B0A488F052B}.Debug|x64.ActiveCfg = Debug|x64
		{8401A68E-460E-47D8-8151-9B0A488F052B}.Debug|x64.Build.0 = Debug|x64
		{8401A68E-460E-47D8-8151-9B0A488F052B}.Debug|x86.ActiveCfg = Debug|x86
		{8401A68E-460E-47D8-8151-9B0A488F052B}.Debug|x86.Build.0 = Debug|x86
		{8401A68E-460E-47D8-8151-9B0A488F052B}.Release Static|ARM.ActiveCfg = Release|ARM
		{8401A68E-460E-47D8-8151-9B0A488F052B}.Release Static|ARM.Build.0 = Release|ARM
		{8401A68E-460E-47D8-8151-9B0A488F052B}.Release Static|ARM64.ActiveCfg = Release|ARM64
		{8401A68E-460E-47D8-8151-9B0A488F052B}.Release Static|ARM64.Build.0 = Release|ARM64
		{8401A68E-460E-47D8-8151-9B0A488F052B}.Release Static|x64.ActiveCfg = Release|x64
		{8401A68E-460E-47D8-8151-9B0A488F052B}.Release Static|x64.Build.0 = Release|x64
		{8401A68E-460E-47D8-8151-9B0A488F052B}.Release Static|x86.ActiveCfg = Release|x86
		{8401A68E-460E-47D8-8151-9B0A488F052B}.Release Static|x86.Build.0 = Release|x86
		{8401A68E-460E-47D8-8151-9B0A488F052B}.Release|ARM.ActiveCfg = Release|ARM
		{8401A68E-460E-47D8-8151-9B0A488F052B}.Release|ARM.Build.0 = Release|ARM
		{8401A68E-460E-47D8-8151-9B0A488F052B}.Release|ARM64.ActiveCfg = Release|ARM64
		{8401A68E-460E-47D8-8151-9B0A488F052B}.Release|ARM64.Build.0 = Release|ARM64
		{8401A68E-460E-47D8-8151-9B0A488F052B}.Release|x64.ActiveCfg = Release|x64
		{8401A68E-460E-47D8-8151-9B0A488F052B}.Release|x64.Build.0 = Release|x64
		{8401A68E-460E-47D8-8151-9B0A488F052B}.Release|x86.ActiveCfg = Release|x86
		{8401A68E-460E-47D8-8151-9B0A488F052B}.Release|x86.Build.0 = Release|x86
		{6543D3B8-AFE6-4C6D-99FA-692AD0136788}.Debug Static|ARM.ActiveCfg = Release|x64
		{6543D3B8-AFE6-4C6D-99FA-692AD0136788}.Debug Static|ARM.Build.0 = Release|x64
		{6543D3B8-AFE6-4C6D-99FA-692AD0136788}.Debug Static|ARM64.ActiveCfg = Release|x64
		{6543D3B8-AFE6-4C6D-99FA-692AD0136788}.Debug Static|ARM64.Build.0 = Release|x64
		{6543D3B8-AFE6-4C6D-99FA-692AD0136788}.Debug Static|x64.ActiveCfg = Debug|x64
		{6543D3B8-AFE6-4C6D-99FA-692AD0136788}.Debug Static|x64.Build.0 = Debug|x64
		{6543D3B8-AFE6-4C6D-99FA-692AD0136788}.Debug Static|x86.ActiveCfg = Release|x64
		{6543D3B8-AFE6-4C6D-99FA-692AD0136788}.Debug Static|x86.Build.0 = Release|x64
		{6543D3B8-AFE6-4C6D-99FA-692AD0136788}.Debug|ARM.ActiveCfg = Debug|x64
		{6543D3B8-AFE6-4C6D-99FA-692AD0136788}.Debug|ARM64.ActiveCfg = Debug|x64
		{6543D3B8-AFE6-4C6D-99FA-692AD0136788}.Debug|x64.ActiveCfg = Debug|x64
		{6543D3B8-AFE6-4C6D-99FA-692AD0136788}.Debug|x64.Build.0 = Debug|x64
		{6543D3B8-AFE6-4C6D-99FA-692AD0136788}.Debug|x86.ActiveCfg = Debug|x64
		{6543D3B8-AFE6-4C6D-99FA-692AD0136788}.Release Static|ARM.ActiveCfg = Release|x64
		{6543D3B8-AFE6-4C6D-99FA-692AD0136788}.Release Static|ARM.Build.0 = Release|x64
		{6543D3B8-AFE6-4C6D-99FA-692AD0136788}.Release Static|ARM64.ActiveCfg = Release|x64
		{6543D3B8-AFE6-4C6D-99FA-692AD0136788}.Release Static|ARM64.Build.0 = Release|x64
		{6543D3B8-AFE6-4C6D-99FA-692AD0136788}.Release Static|x64.ActiveCfg = Release|x64
		{6543D3B8-AFE6-4C6D-99FA-692AD0136788}.Release Static|x64.Build.0 = Release|x64
		{6543D3B8-AFE6-4C6D-99FA-692AD0136788}.Release Static|x86.ActiveCfg = Release|x64
		{6543D3B8-AFE6-4C6D-99FA-692AD0136788}.Release Static|x86.Build.0 = Release|x64
		{6543D3B8-AFE6-4C6D-99FA-692AD0136788}.Release|ARM.ActiveCfg = Release|x64
		{6543D3B8-AFE6-4C6D-99FA-692AD0136788}.Release|ARM64.ActiveCfg = Release|x64
		{6543D3B8-AFE6-4C6D-99FA-692AD0136788}.Release|x64.ActiveCfg = Release|x64
		{6543D3B8-AFE6-4C6D-99FA-692AD0136788}.Release|x64.Build.0 = Release|x64
		{6543D3B8-AFE6-4C6D-99FA-692AD0136788}.Release|x86.ActiveCfg = Release|x64
		{24DF2D11-D5F4-4967-9AFD-9A761DB34594}.Debug Static|ARM.ActiveCfg = Debug|ARM
		{24DF2D11-D5F4-4967-9AFD-9A761DB34594}.Debug Static|ARM.Build.0 = Debug|ARM
		{24DF2D11-D5F4-4967-9AFD-9A761DB34594}.Debug Static|ARM64.ActiveCfg = Debug|ARM64
		{24DF2D11-D5F4-4967-9AFD-9A761DB34594}.Debug Static|ARM64.Build.0 = Debug|ARM64
		{24DF2D11-D5F4-4967-9AFD-9A761DB34594}.Debug Static|x64.ActiveCfg = Debug|x64
		{24DF2D11-D5F4-4967-9AFD-9A761DB34594}.Debug Static|x64.Build.0 = Debug|x64
		{24DF2D11-D5F4-4967-9AFD-9A761DB34594}.Debug Static|x86.ActiveCfg = Debug|x86
		{24DF2D11-D5F4-4967-9AFD-9A761DB34594}.Debug Static|x86.Build.0 = Debug|x86
		{24DF2D11-D5F4-4967-9AFD-9A761DB34594}.Debug|ARM.ActiveCfg = Debug|ARM
		{24DF2D11-D5F4-4967-9AFD-9A761DB34594}.Debug|ARM.Build.0 = Debug|ARM
		{24DF2D11-D5F4-4967-9AFD-9A761DB34594}.Debug|ARM64.ActiveCfg = Debug|ARM64
		{24DF2D11-D5F4-4967-9AFD-9A761DB34594}.Debug|ARM64.Build.0 = Debug|ARM64
		{24DF2D11-D5F4-4967-9AFD-9A761DB34594}.Debug|x64.ActiveCfg = Debug|x64
		{24DF2D11-D5F4-4967-9AFD-9A761DB34594}.Debug|x64.Build.0 = Debug|x64
		{24DF2D11-D5F4-4967-9AFD-9A761DB34594}.Debug|x86.ActiveCfg = Debug|x86
		{24DF2D11-D5F4-4967-9AFD-9A761DB34594}.Debug|x86.Build.0 = Debug|x86
		{24DF2D11-D5F4-4967-9AFD-9A761DB34594}.Release Static|ARM.ActiveCfg = Release|ARM
		{24DF2D11-D5F4-4967-9AFD-9A761DB34594}.Release Static|ARM.Build.0 = Release|ARM
		{24DF2D11-D5F4-4967-9AFD-9A761DB34594}.Release Static|ARM64.ActiveCfg = Release|ARM64
		{24DF2D11-D5F4-4967-9AFD-9A761DB34594}.Release Static|ARM64.Build.0 = Release|ARM64
		{24DF2D11-D5F4-4967-9AFD-9A761DB34594}.Release Static|x64.ActiveCfg = Release|x64
		{24DF2D11-D5F4-4967-9AFD-9A761DB34594}.Release Static|x64.Build.0 = Release|x64
		{24DF2D11-D5F4-4967-9AFD-9A761DB34594}.Release Static|x86.ActiveCfg = Release|x86
		{24DF2D11-D5F4-4967-9AFD-9A761DB34594}.Release Static|x86.Build.0 = Release|x86
		{24DF2D11-D5F4-4967-9AFD-9A761DB34594}.Release|ARM.ActiveCfg = Release|ARM
		{24DF2D11-D5F4-4967-9AFD-9A761DB34594}.Release|ARM.Build.0 = Release|ARM
		{24DF2D11-D5F4-4967-9AFD-9A761DB34594}.Release|ARM64.ActiveCfg = Release|ARM64
		{24DF2D11-D5F4-4967-9AFD-9A761DB34594}.Release|ARM64.Build.0 = Release|ARM64
		{24DF2D11-D5F4-4967-9AFD-9A761DB34594}.Release|x64.ActiveCfg = Release|x64
		{24DF2D11-D5F4-4967-9AFD-9A761DB34594}.Release|x64.Build.0 = Release|x64
		{24DF2D11-D5F4-4967-9AFD-9A761DB34594}.Release|x86.ActiveCfg = Release|x86
		{24DF2D11-D5F4-4967-9AFD-9A761DB34594}.Release|x86.Build.0 = Release|x86
	EndGlobalSection
	GlobalSection(SolutionProperties) = preSolution
		HideSolutionNode = FALSE
	EndGlobalSection
	GlobalSection(NestedProjects) = preSolution
		{4EE565EC-2FFE-40F1-AFA8-0BD3CC764016} = {083E8DA9-69E2-4647-9FFF-7A1733E8987E}
		{8401A68E-460E-47D8-8151-9B0A488F052B} = {083E8DA9-69E2-4647-9FFF-7A1733E8987E}
	EndGlobalSection
	GlobalSection(ExtensibilityGlobals) = postSolution
		SolutionGuid = {D5925CE2-3ED7-4DA4-8013-A23FEC8D2B52}
	EndGlobalSection
EndGlobal
