<?xml version="1.0" encoding="utf-8"?>
<Project ToolsVersion="4.0" xmlns="http://schemas.microsoft.com/developer/msbuild/2003">
  <ItemGroup>
    <ClCompile Include="..\Libjpeg\wrtarga.c" />
    <ClCompile Include="..\Libjpeg\cdjpeg.c" />
    <ClCompile Include="..\Libjpeg\cjpeg.c" />
    <ClCompile Include="..\Libjpeg\ckconfig.c" />
    <ClCompile Include="..\Libjpeg\djpeg.c" />
    <ClCompile Include="..\Libjpeg\jaricom.c" />
    <ClCompile Include="..\Libjpeg\jcapimin.c" />
    <ClCompile Include="..\Libjpeg\jcapistd.c" />
    <ClCompile Include="..\Libjpeg\jcarith.c" />
    <ClCompile Include="..\Libjpeg\jccoefct.c" />
    <ClCompile Include="..\Libjpeg\jccolor.c" />
    <ClCompile Include="..\Libjpeg\jcdctmgr.c" />
    <ClCompile Include="..\Libjpeg\jchuff.c" />
    <ClCompile Include="..\Libjpeg\jcinit.c" />
    <ClCompile Include="..\Libjpeg\jcmainct.c" />
    <ClCompile Include="..\Libjpeg\jcmarker.c" />
    <ClCompile Include="..\Libjpeg\jcmaster.c" />
    <ClCompile Include="..\Libjpeg\jcomapi.c" />
    <ClCompile Include="..\Libjpeg\jcparam.c" />
    <ClCompile Include="..\Libjpeg\jcprepct.c" />
    <ClCompile Include="..\Libjpeg\jcsample.c" />
    <ClCompile Include="..\Libjpeg\jctrans.c" />
    <ClCompile Include="..\Libjpeg\jdapimin.c" />
    <ClCompile Include="..\Libjpeg\jdapistd.c" />
    <ClCompile Include="..\Libjpeg\jdarith.c" />
    <ClCompile Include="..\Libjpeg\jdatadst.c" />
    <ClCompile Include="..\Libjpeg\jdatasrc.c" />
    <ClCompile Include="..\Libjpeg\jdcoefct.c" />
    <ClCompile Include="..\Libjpeg\jdcolor.c" />
    <ClCompile Include="..\Libjpeg\jddctmgr.c" />
    <ClCompile Include="..\Libjpeg\jdhuff.c" />
    <ClCompile Include="..\Libjpeg\jdinput.c" />
    <ClCompile Include="..\Libjpeg\jdmainct.c" />
    <ClCompile Include="..\Libjpeg\jdmarker.c" />
    <ClCompile Include="..\Libjpeg\jdmaster.c" />
    <ClCompile Include="..\Libjpeg\jdmerge.c" />
    <ClCompile Include="..\Libjpeg\jdpostct.c" />
    <ClCompile Include="..\Libjpeg\jdsample.c" />
    <ClCompile Include="..\Libjpeg\jdtrans.c" />
    <ClCompile Include="..\Libjpeg\jerror.c" />
    <ClCompile Include="..\Libjpeg\jfdctflt.c" />
    <ClCompile Include="..\Libjpeg\jfdctfst.c" />
    <ClCompile Include="..\Libjpeg\jfdctint.c" />
    <ClCompile Include="..\Libjpeg\jidctflt.c" />
    <ClCompile Include="..\Libjpeg\jidctfst.c" />
    <ClCompile Include="..\Libjpeg\jidctint.c" />
    <ClCompile Include="..\Libjpeg\jmemansi.c" />
    <ClCompile Include="..\Libjpeg\jmemmgr.c" />
    <ClCompile Include="..\Libjpeg\jmemname.c" />
    <ClCompile Include="..\Libjpeg\jpegtran.c" />
    <ClCompile Include="..\Libjpeg\jquant1.c" />
    <ClCompile Include="..\Libjpeg\jquant2.c" />
    <ClCompile Include="..\Libjpeg\jutils.c" />
    <ClCompile Include="..\Libjpeg\rdbmp.c" />
    <ClCompile Include="..\Libjpeg\rdcolmap.c" />
    <ClCompile Include="..\Libjpeg\rdgif.c" />
    <ClCompile Include="..\Libjpeg\rdjpgcom.c" />
    <ClCompile Include="..\Libjpeg\rdppm.c" />
    <ClCompile Include="..\Libjpeg\rdrle.c" />
    <ClCompile Include="..\Libjpeg\rdswitch.c" />
    <ClCompile Include="..\Libjpeg\rdtarga.c" />
    <ClCompile Include="..\Libjpeg\transupp.c" />
    <ClCompile Include="..\Libjpeg\wrbmp.c" />
    <ClCompile Include="..\Libjpeg\wrgif.c" />
    <ClCompile Include="..\Libjpeg\wrjpgcom.c" />
    <ClCompile Include="..\Libjpeg\wrppm.c" />
    <ClCompile Include="..\Libjpeg\wrrle.c" />
  </ItemGroup>
</Project>