<?xml version="1.0" encoding="utf-8"?>
<Project ToolsVersion="4.0" xmlns="http://schemas.microsoft.com/developer/msbuild/2003">
  <ItemGroup>
    <ClCompile Include="..\Libogg\analysis.c" />
    <ClCompile Include="..\Libogg\barkmel.c" />
    <ClCompile Include="..\Libogg\bitrate.c" />
    <ClCompile Include="..\Libogg\bitwise.c" />
    <ClCompile Include="..\Libogg\block.c" />
    <ClCompile Include="..\Libogg\codebook.c" />
    <ClCompile Include="..\Libogg\envelope.c" />
    <ClCompile Include="..\Libogg\floor0.c" />
    <ClCompile Include="..\Libogg\floor1.c" />
    <ClCompile Include="..\Libogg\framing.c" />
    <ClCompile Include="..\Libogg\info.c" />
    <ClCompile Include="..\Libogg\lookup.c" />
    <ClCompile Include="..\Libogg\lpc.c" />
    <ClCompile Include="..\Libogg\lsp.c" />
    <ClCompile Include="..\Libogg\mapping0.c" />
    <ClCompile Include="..\Libogg\mdct.c" />
    <ClCompile Include="..\Libogg\psy.c" />
    <ClCompile Include="..\Libogg\registry.c" />
    <ClCompile Include="..\Libogg\res0.c" />
    <ClCompile Include="..\Libogg\sharedbook.c" />
    <ClCompile Include="..\Libogg\smallft.c" />
    <ClCompile Include="..\Libogg\synthesis.c" />
    <ClCompile Include="..\Libogg\tone.c" />
    <ClCompile Include="..\Libogg\vorbisenc.c" />
    <ClCompile Include="..\Libogg\vorbisfile.c" />
    <ClCompile Include="..\Libogg\window.c" />
  </ItemGroup>
</Project>