<?xml version="1.0" encoding="utf-8"?>
<Project ToolsVersion="4.0" xmlns="http://schemas.microsoft.com/developer/msbuild/2003">
  <ItemGroup>
    <Filter Include="Source">
      <UniqueIdentifier>{4FC737F1-C7A5-4376-A066-2A32D752A2FF}</UniqueIdentifier>
      <Extensions>cpp;c;cc;cxx;def;odl;idl;hpj;bat;asm;asmx</Extensions>
    </Filter>
    <Filter Include="Resource">
      <UniqueIdentifier>{67DA6AB6-F800-4c08-8B7A-83BB121AAD01}</UniqueIdentifier>
      <Extensions>rc;ico;cur;bmp;dlg;rc2;rct;bin;rgs;gif;jpg;jpeg;jpe;resx;tiff;tif;png;wav;mfcribbon-ms</Extensions>
    </Filter>
    <Filter Include="Header">
      <UniqueIdentifier>{93995380-89BD-4b04-88EB-625FBE52EBFB}</UniqueIdentifier>
      <Extensions>h;hh;hpp;hxx;hm;inl;inc;xsd</Extensions>
    </Filter>
  </ItemGroup>
  <ItemGroup>
    <ClInclude Include="system\System.h">
      <Filter>Header</Filter>
    </ClInclude>
    <ClInclude Include="object\AnimateObject.h">
      <Filter>Header</Filter>
    </ClInclude>
    <ClInclude Include="effect\Blend.h">
      <Filter>Header</Filter>
    </ClInclude>
    <ClInclude Include="view\Camera3D.h">
      <Filter>Header</Filter>
    </ClInclude>
    <ClInclude Include="data\Compress.h">
      <Filter>Header</Filter>
    </ClInclude>
    <ClInclude Include="effect\Filter.h">
      <Filter>Header</Filter>
    </ClInclude>
    <ClInclude Include="object3D\Image3D.h">
      <Filter>Header</Filter>
    </ClInclude>
    <ClInclude Include="effect\Light.h">
      <Filter>Header</Filter>
    </ClInclude>
    <ClInclude Include="object\Object.h">
      <Filter>Header</Filter>
    </ClInclude>
    <ClInclude Include="object3D\Object3D.h">
      <Filter>Header</Filter>
    </ClInclude>
    <ClInclude Include="file\Register.h">
      <Filter>Header</Filter>
    </ClInclude>
    <ClInclude Include="file\ResourceManager.h">
      <Filter>Header</Filter>
    </ClInclude>
    <ClInclude Include="resource\Sampler.h">
      <Filter>Header</Filter>
    </ClInclude>
    <ClInclude Include="object3D\Shape3D.h">
      <Filter>Header</Filter>
    </ClInclude>
    <ClInclude Include="sound\Sound.h">
      <Filter>Header</Filter>
    </ClInclude>
    <ClInclude Include="view\Viewport.h">
      <Filter>Header</Filter>
    </ClInclude>
    <ClInclude Include="math\Point.h">
      <Filter>Header</Filter>
    </ClInclude>
    <ClInclude Include="math\Point3D.h">
      <Filter>Header</Filter>
    </ClInclude>
    <ClInclude Include="math\Point3Dw.h">
      <Filter>Header</Filter>
    </ClInclude>
    <ClInclude Include="math\Math.h">
      <Filter>Header</Filter>
    </ClInclude>
    <ClInclude Include="math\Matrix.h">
      <Filter>Header</Filter>
    </ClInclude>
    <ClInclude Include="data\Sort.h">
      <Filter>Header</Filter>
    </ClInclude>
    <ClInclude Include="math\Rect.h">
      <Filter>Header</Filter>
    </ClInclude>
    <ClInclude Include="math\Hexagon.h">
      <Filter>Header</Filter>
    </ClInclude>
    <ClInclude Include="math\Lines.h">
      <Filter>Header</Filter>
    </ClInclude>
    <ClInclude Include="system\WriteFlag.h">
      <Filter>Header</Filter>
    </ClInclude>
    <ClInclude Include="text\Text.h">
      <Filter>Header</Filter>
    </ClInclude>
    <ClInclude Include="system\Error.h">
      <Filter>Header</Filter>
    </ClInclude>
    <ClInclude Include="file\File.h">
      <Filter>Header</Filter>
    </ClInclude>
    <ClInclude Include="data\Memory.h">
      <Filter>Header</Filter>
    </ClInclude>
    <ClInclude Include="data\Array.h">
      <Filter>Header</Filter>
    </ClInclude>
    <ClInclude Include="effect\Effect.h">
      <Filter>Header</Filter>
    </ClInclude>
    <ClInclude Include="data\PriorityQueue.h">
      <Filter>Header</Filter>
    </ClInclude>
    <ClInclude Include="system\Event.h">
      <Filter>Header</Filter>
    </ClInclude>
    <ClInclude Include="system\Context.h">
      <Filter>Header</Filter>
    </ClInclude>
    <ClInclude Include="_system\_GraphicsBase.h">
      <Filter>Header</Filter>
    </ClInclude>
    <ClInclude Include="_system\_Loop.h">
      <Filter>Header</Filter>
    </ClInclude>
    <ClInclude Include="_system\_OpenGL.h">
      <Filter>Header</Filter>
    </ClInclude>
    <ClInclude Include="_system\_Vulkan.h">
      <Filter>Header</Filter>
    </ClInclude>
    <ClInclude Include="_system\_Windows.h">
      <Filter>Header</Filter>
    </ClInclude>
    <ClInclude Include="stdafx.h">
      <Filter>Header</Filter>
    </ClInclude>
    <ClInclude Include="object\Image.h">
      <Filter>Header</Filter>
    </ClInclude>
    <ClInclude Include="physics\Collision.h">
      <Filter>Header</Filter>
    </ClInclude>
    <ClInclude Include="system\Input.h">
      <Filter>Header</Filter>
    </ClInclude>
    <ClInclude Include="text\Font.h">
      <Filter>Header</Filter>
    </ClInclude>
    <ClInclude Include="text\Label.h">
      <Filter>Header</Filter>
    </ClInclude>
    <ClInclude Include="text\TextBox.h">
      <Filter>Header</Filter>
    </ClInclude>
    <ClInclude Include="_system\_Android.h">
      <Filter>Header</Filter>
    </ClInclude>
    <ClInclude Include="file\AssetFile.h">
      <Filter>Header</Filter>
    </ClInclude>
    <ClInclude Include="time\Time.h">
      <Filter>Header</Filter>
    </ClInclude>
    <ClInclude Include="resource\Frame.h">
      <Filter>Header</Filter>
    </ClInclude>
    <ClInclude Include="resource\MultiInstanceNode.h">
      <Filter>Header</Filter>
    </ClInclude>
    <ClInclude Include="resource\RTAnimateFrame.h">
      <Filter>Header</Filter>
    </ClInclude>
    <ClInclude Include="resource\AnimateBase.h">
      <Filter>Header</Filter>
    </ClInclude>
    <ClInclude Include="resource\AnimateFrame.h">
      <Filter>Header</Filter>
    </ClInclude>
    <ClInclude Include="resource\FrameArray.h">
      <Filter>Header</Filter>
    </ClInclude>
    <ClInclude Include="resource\FrameCompressFormat.h">
      <Filter>Header</Filter>
    </ClInclude>
    <ClInclude Include="resource\FrameFormat.h">
      <Filter>Header</Filter>
    </ClInclude>
    <ClInclude Include="object\ImageBase.h">
      <Filter>Header</Filter>
    </ClInclude>
    <ClInclude Include="object\MatrixObject.h">
      <Filter>Header</Filter>
    </ClInclude>
    <ClInclude Include="component\RadioButton.h">
      <Filter>Header</Filter>
    </ClInclude>
    <ClInclude Include="component\Checkbox.h">
      <Filter>Header</Filter>
    </ClInclude>
    <ClInclude Include="component\Button.h">
      <Filter>Header</Filter>
    </ClInclude>
    <ClInclude Include="physics\HitTest.h">
      <Filter>Header</Filter>
    </ClInclude>
    <ClInclude Include="physics\RectHitTest.h">
      <Filter>Header</Filter>
    </ClInclude>
    <ClInclude Include="data\ImageType.h">
      <Filter>Header</Filter>
    </ClInclude>
    <ClInclude Include="data\ImageUtil.h">
      <Filter>Header</Filter>
    </ClInclude>
    <ClInclude Include="decoder\Decoder.h">
      <Filter>Header</Filter>
    </ClInclude>
    <ClInclude Include="decoder\ImageDecoder.h">
      <Filter>Header</Filter>
    </ClInclude>
    <ClInclude Include="decoder\JPEGDecoder.h">
      <Filter>Header</Filter>
    </ClInclude>
    <ClInclude Include="decoder\OGGDecoder.h">
      <Filter>Header</Filter>
    </ClInclude>
    <ClInclude Include="decoder\PNGDecoder.h">
      <Filter>Header</Filter>
    </ClInclude>
    <ClInclude Include="decoder\SoundDecoder.h">
      <Filter>Header</Filter>
    </ClInclude>
    <ClInclude Include="decoder\WAVDecoder.h">
      <Filter>Header</Filter>
    </ClInclude>
    <ClInclude Include="system\Screen.h">
      <Filter>Header</Filter>
    </ClInclude>
    <ClInclude Include="encoder\Encoder.h">
      <Filter>Header</Filter>
    </ClInclude>
    <ClInclude Include="encoder\ImageEncoder.h">
      <Filter>Header</Filter>
    </ClInclude>
    <ClInclude Include="encoder\WebPLosslessEncoder.h">
      <Filter>Header</Filter>
    </ClInclude>
    <ClInclude Include="decoder\WebPDecoder.h">
      <Filter>Header</Filter>
    </ClInclude>
    <ClInclude Include="encoder\WebPAnimateLosslessEncoder.h">
      <Filter>Header</Filter>
    </ClInclude>
    <ClInclude Include="decoder\WebPAnimateDecoder.h">
      <Filter>Header</Filter>
    </ClInclude>
    <ClInclude Include="object\AnimateMultiInstance.h">
      <Filter>Header</Filter>
    </ClInclude>
    <ClInclude Include="_system\_DirectX11.h">
      <Filter>Header</Filter>
    </ClInclude>
    <ClInclude Include="_system\_Renderer.h">
      <Filter>Header</Filter>
    </ClInclude>
    <ClInclude Include="_system\_DXGI.h">
      <Filter>Header</Filter>
    </ClInclude>
    <ClInclude Include="resource\Index.h">
      <Filter>Header</Filter>
    </ClInclude>
    <ClInclude Include="resource\Vertex.h">
      <Filter>Header</Filter>
    </ClInclude>
    <ClInclude Include="object\Shape.h">
      <Filter>Header</Filter>
    </ClInclude>
    <ClInclude Include="resource\ShapeVertex.h">
      <Filter>Header</Filter>
    </ClInclude>
    <ClInclude Include="object\Line.h">
      <Filter>Header</Filter>
    </ClInclude>
    <ClInclude Include="object\ShapeInstance.h">
      <Filter>Header</Filter>
    </ClInclude>
    <ClInclude Include="object\LineInstance.h">
      <Filter>Header</Filter>
    </ClInclude>
    <ClInclude Include="object\LabelImage.h">
      <Filter>Header</Filter>
    </ClInclude>
    <ClInclude Include="component\FadeLabelButton.h">
      <Filter>Header</Filter>
    </ClInclude>
    <ClInclude Include="component\LabelButton.h">
      <Filter>Header</Filter>
    </ClInclude>
    <ClInclude Include="component\LabelListButton.h">
      <Filter>Header</Filter>
    </ClInclude>
    <ClInclude Include="component\LabelToggleButton.h">
      <Filter>Header</Filter>
    </ClInclude>
    <ClInclude Include="text\SizeLabel.h">
      <Filter>Header</Filter>
    </ClInclude>
    <ClInclude Include="object\ScaleHeader.h">
      <Filter>Header</Filter>
    </ClInclude>
    <ClInclude Include="object\CenterPointPos.h">
      <Filter>Header</Filter>
    </ClInclude>
    <ClInclude Include="object\ScaleImage.h">
      <Filter>Header</Filter>
    </ClInclude>
    <ClInclude Include="component\Slider.h">
      <Filter>Header</Filter>
    </ClInclude>
    <ClInclude Include="text\SizeTextBox.h">
      <Filter>Header</Filter>
    </ClInclude>
    <ClInclude Include="object\TextBoxImage.h">
      <Filter>Header</Filter>
    </ClInclude>
    <ClInclude Include="text\SizeAnimateTextBox.h">
      <Filter>Header</Filter>
    </ClInclude>
    <ClInclude Include="component\SizeButton.h">
      <Filter>Header</Filter>
    </ClInclude>
    <ClInclude Include="physics\SizeRectHitTest.h">
      <Filter>Header</Filter>
    </ClInclude>
    <ClInclude Include="component\Scrollbar.h">
      <Filter>Header</Filter>
    </ClInclude>
    <ClInclude Include="component\LabelOptionButton.h">
      <Filter>Header</Filter>
    </ClInclude>
    <ClInclude Include="component\EditBox.h">
      <Filter>Header</Filter>
    </ClInclude>
    <ClInclude Include="network\Socket.h">
      <Filter>Header</Filter>
    </ClInclude>
    <ClInclude Include="network\IP.h">
      <Filter>Header</Filter>
    </ClInclude>
  </ItemGroup>
  <ItemGroup>
    <ClCompile Include="view\Viewport.cpp">
      <Filter>Source</Filter>
    </ClCompile>
    <ClCompile Include="_system\_Loop.cpp">
      <Filter>Source</Filter>
    </ClCompile>
    <ClCompile Include="_system\_OpenGL.cpp">
      <Filter>Source</Filter>
    </ClCompile>
    <ClCompile Include="_system\_Vulkan.cpp">
      <Filter>Source</Filter>
    </ClCompile>
    <ClCompile Include="_system\_Windows.cpp">
      <Filter>Source</Filter>
    </ClCompile>
    <ClCompile Include="object\AnimateObject.cpp">
      <Filter>Source</Filter>
    </ClCompile>
    <ClCompile Include="effect\Blend.cpp">
      <Filter>Source</Filter>
    </ClCompile>
    <ClCompile Include="data\Compress.cpp">
      <Filter>Source</Filter>
    </ClCompile>
    <ClCompile Include="effect\Filter.cpp">
      <Filter>Source</Filter>
    </ClCompile>
    <ClCompile Include="text\Font.cpp">
      <Filter>Source</Filter>
    </ClCompile>
    <ClCompile Include="math\Hexagon.cpp">
      <Filter>Source</Filter>
    </ClCompile>
    <ClCompile Include="object\Image.cpp">
      <Filter>Source</Filter>
    </ClCompile>
    <ClCompile Include="object3D\Image3D.cpp">
      <Filter>Source</Filter>
    </ClCompile>
    <ClCompile Include="system\Input.cpp">
      <Filter>Source</Filter>
    </ClCompile>
    <ClCompile Include="text\Label.cpp">
      <Filter>Source</Filter>
    </ClCompile>
    <ClCompile Include="math\Lines.cpp">
      <Filter>Source</Filter>
    </ClCompile>
    <ClCompile Include="math\Matrix.cpp">
      <Filter>Source</Filter>
    </ClCompile>
    <ClCompile Include="object\Object.cpp">
      <Filter>Source</Filter>
    </ClCompile>
    <ClCompile Include="object3D\Object3D.cpp">
      <Filter>Source</Filter>
    </ClCompile>
    <ClCompile Include="file\ResourceManager.cpp">
      <Filter>Source</Filter>
    </ClCompile>
    <ClCompile Include="resource\Sampler.cpp">
      <Filter>Source</Filter>
    </ClCompile>
    <ClCompile Include="object3D\Shape3D.cpp">
      <Filter>Source</Filter>
    </ClCompile>
    <ClCompile Include="sound\Sound.cpp">
      <Filter>Source</Filter>
    </ClCompile>
    <ClCompile Include="system\System.cpp">
      <Filter>Source</Filter>
    </ClCompile>
    <ClCompile Include="text\Text.cpp">
      <Filter>Source</Filter>
    </ClCompile>
    <ClCompile Include="text\Textbox.cpp">
      <Filter>Source</Filter>
    </ClCompile>
    <ClCompile Include="_system\_Android.cpp">
      <Filter>Source</Filter>
    </ClCompile>
    <ClCompile Include="time\Time.cpp">
      <Filter>Source</Filter>
    </ClCompile>
    <ClCompile Include="resource\Frame.cpp">
      <Filter>Source</Filter>
    </ClCompile>
    <ClCompile Include="resource\RTAnimateFrame.cpp">
      <Filter>Source</Filter>
    </ClCompile>
    <ClCompile Include="resource\AnimateBase.cpp">
      <Filter>Source</Filter>
    </ClCompile>
    <ClCompile Include="resource\AnimateFrame.cpp">
      <Filter>Source</Filter>
    </ClCompile>
    <ClCompile Include="resource\FrameArray.cpp">
      <Filter>Source</Filter>
    </ClCompile>
    <ClCompile Include="object\ImageBase.cpp">
      <Filter>Source</Filter>
    </ClCompile>
    <ClCompile Include="object\MatrixObject.cpp">
      <Filter>Source</Filter>
    </ClCompile>
    <ClCompile Include="component\RadioButton.cpp">
      <Filter>Source</Filter>
    </ClCompile>
    <ClCompile Include="component\Checkbox.cpp">
      <Filter>Source</Filter>
    </ClCompile>
    <ClCompile Include="component\Button.cpp">
      <Filter>Source</Filter>
    </ClCompile>
    <ClCompile Include="physics\Collision.cpp">
      <Filter>Source</Filter>
    </ClCompile>
    <ClCompile Include="physics\RectHitTest.cpp">
      <Filter>Source</Filter>
    </ClCompile>
    <ClCompile Include="data\ImageUtil.cpp">
      <Filter>Source</Filter>
    </ClCompile>
    <ClCompile Include="decoder\Decoder.cpp">
      <Filter>Source</Filter>
    </ClCompile>
    <ClCompile Include="decoder\ImageDecoder.cpp">
      <Filter>Source</Filter>
    </ClCompile>
    <ClCompile Include="decoder\JPEGDecoder.cpp">
      <Filter>Source</Filter>
    </ClCompile>
    <ClCompile Include="decoder\OGGDecoder.cpp">
      <Filter>Source</Filter>
    </ClCompile>
    <ClCompile Include="decoder\PNGDecoder.cpp">
      <Filter>Source</Filter>
    </ClCompile>
    <ClCompile Include="decoder\SoundDecoder.cpp">
      <Filter>Source</Filter>
    </ClCompile>
    <ClCompile Include="decoder\WAVDecoder.cpp">
      <Filter>Source</Filter>
    </ClCompile>
    <ClCompile Include="system\Screen.cpp">
      <Filter>Source</Filter>
    </ClCompile>
    <ClCompile Include="system\Context.cpp">
      <Filter>Source</Filter>
    </ClCompile>
    <ClCompile Include="encoder\Encoder.cpp">
      <Filter>Source</Filter>
    </ClCompile>
    <ClCompile Include="encoder\ImageEncoder.cpp">
      <Filter>Source</Filter>
    </ClCompile>
    <ClCompile Include="encoder\WebPLosslessEncoder.cpp">
      <Filter>Source</Filter>
    </ClCompile>
    <ClCompile Include="decoder\WebPDecoder.cpp">
      <Filter>Source</Filter>
    </ClCompile>
    <ClCompile Include="encoder\WebPAnimateLosslessEncoder.cpp">
      <Filter>Source</Filter>
    </ClCompile>
    <ClCompile Include="decoder\WebPAnimateDecoder.cpp">
      <Filter>Source</Filter>
    </ClCompile>
    <ClCompile Include="object\AnimateMultiInstance.cpp">
      <Filter>Source</Filter>
    </ClCompile>
    <ClCompile Include="_system\_DirectX11.cpp">
      <Filter>Source</Filter>
    </ClCompile>
    <ClCompile Include="_system\_DXGI.cpp">
      <Filter>Source</Filter>
    </ClCompile>
    <ClCompile Include="resource\Index.cpp">
      <Filter>Source</Filter>
    </ClCompile>
    <ClCompile Include="resource\Vertex.cpp">
      <Filter>Source</Filter>
    </ClCompile>
    <ClCompile Include="object\Shape.cpp">
      <Filter>Source</Filter>
    </ClCompile>
    <ClCompile Include="resource\ShapeVertex.cpp">
      <Filter>Source</Filter>
    </ClCompile>
    <ClCompile Include="object\Line.cpp">
      <Filter>Source</Filter>
    </ClCompile>
    <ClCompile Include="object\ShapeInstance.cpp">
      <Filter>Source</Filter>
    </ClCompile>
    <ClCompile Include="object\LineInstance.cpp">
      <Filter>Source</Filter>
    </ClCompile>
    <ClCompile Include="object\LabelImage.cpp">
      <Filter>Source</Filter>
    </ClCompile>
    <ClCompile Include="component\FadeLabelButton.cpp">
      <Filter>Source</Filter>
    </ClCompile>
    <ClCompile Include="component\LabelButton.cpp">
      <Filter>Source</Filter>
    </ClCompile>
    <ClCompile Include="component\LabelListButton.cpp">
      <Filter>Source</Filter>
    </ClCompile>
    <ClCompile Include="component\LabelToggleButton.cpp">
      <Filter>Source</Filter>
    </ClCompile>
    <ClCompile Include="text\SizeLabel.cpp">
      <Filter>Source</Filter>
    </ClCompile>
    <ClCompile Include="object\ScaleHeader.cpp">
      <Filter>Source</Filter>
    </ClCompile>
    <ClCompile Include="object\ScaleImage.cpp">
      <Filter>Source</Filter>
    </ClCompile>
    <ClCompile Include="component\Slider.cpp">
      <Filter>Source</Filter>
    </ClCompile>
    <ClCompile Include="text\SizeTextBox.cpp">
      <Filter>Source</Filter>
    </ClCompile>
    <ClCompile Include="object\TextBoxImage.cpp">
      <Filter>Source</Filter>
    </ClCompile>
    <ClCompile Include="text\SizeAnimateTextBox.cpp">
      <Filter>Source</Filter>
    </ClCompile>
    <ClCompile Include="component\SizeButton.cpp">
      <Filter>Source</Filter>
    </ClCompile>
    <ClCompile Include="physics\SizeRectHitTest.cpp">
      <Filter>Source</Filter>
    </ClCompile>
    <ClCompile Include="component\Scrollbar.cpp">
      <Filter>Source</Filter>
    </ClCompile>
    <ClCompile Include="component\LabelOptionButton.cpp">
      <Filter>Source</Filter>
    </ClCompile>
    <ClCompile Include="component\EditBox.cpp">
      <Filter>Source</Filter>
    </ClCompile>
    <ClCompile Include="network\Socket.cpp">
      <Filter>Source</Filter>
    </ClCompile>
    <ClCompile Include="network\IP.cpp">
      <Filter>Source</Filter>
    </ClCompile>
  </ItemGroup>
  <ItemGroup>
    <FxCompile Include="imgPx2D.hlsl" />
    <FxCompile Include="imgVert2D.hlsl" />
    <FxCompile Include="shapeVert2D.hlsl" />
    <FxCompile Include="shapeGeo2D.hlsl" />
    <FxCompile Include="lineGeo2D.hlsl" />
    <FxCompile Include="shapeInsVert2D.hlsl" />
    <FxCompile Include="shapeInsGeo2D.hlsl" />
    <FxCompile Include="lineInsVert2D.hlsl" />
    <FxCompile Include="lineInsGeo2D.hlsl" />
    <FxCompile Include="linePx2D.hlsl" />
    <FxCompile Include="shapePx2D.hlsl" />
  </ItemGroup>
  <ItemGroup>
    <None Include=".editorconfig" />
  </ItemGroup>
</Project>